// !$*UTF8*$!
{
	archiveVersion = 1;
	classes = {
	};
	objectVersion = 51;
	objects = {

/* Begin PBXBuildFile section */
		13245D7722B11CB0D4E20C58 /* Pods_AVFoundation_Test_8_Timer___half_periodLength_Tests.framework in Frameworks */ = {isa = PBXBuildFile; fileRef = 90E9D47BAE965BB5D2FEF550 /* Pods_AVFoundation_Test_8_Timer___half_periodLength_Tests.framework */; };
		1B5912817CA00580E1ED31FC /* Pods_AVFoundation_Test_8_Timer___half_periodLength.framework in Frameworks */ = {isa = PBXBuildFile; fileRef = 1A060EBD22970B52618BED7C /* Pods_AVFoundation_Test_8_Timer___half_periodLength.framework */; };
		FA02EC8A26447E9100B416D3 /* setBackgroundColor UIButton Extension.swift in Sources */ = {isa = PBXBuildFile; fileRef = FA02EC8926447E9100B416D3 /* setBackgroundColor UIButton Extension.swift */; };
		FA0DDA0F265E8B3B00D155D6 /* AV FX Presets Description Extension.swift in Sources */ = {isa = PBXBuildFile; fileRef = FA0DDA0E265E8B3B00D155D6 /* AV FX Presets Description Extension.swift */; };
		FA0E89452646218200B7CD45 /* DefaultPatterns.swift in Sources */ = {isa = PBXBuildFile; fileRef = FA0E89442646218200B7CD45 /* DefaultPatterns.swift */; };
		FA12A3332655C25E00439FA3 /* PickerView Extension.swift in Sources */ = {isa = PBXBuildFile; fileRef = FA12A3322655C25E00439FA3 /* PickerView Extension.swift */; };
		FA12A33726564D4300439FA3 /* SettingsVC.swift in Sources */ = {isa = PBXBuildFile; fileRef = FA12A33626564D4300439FA3 /* SettingsVC.swift */; };
		FA12A33F2656627100439FA3 /* TrackSettingsVC.swift in Sources */ = {isa = PBXBuildFile; fileRef = FA12A33E2656627100439FA3 /* TrackSettingsVC.swift */; };
		FA12A3432656B4CD00439FA3 /* SoundSelectionTableVC.swift in Sources */ = {isa = PBXBuildFile; fileRef = FA12A3422656B4CC00439FA3 /* SoundSelectionTableVC.swift */; };
		FA12A3472656B60E00439FA3 /* Shared.swift in Sources */ = {isa = PBXBuildFile; fileRef = FA12A3462656B60E00439FA3 /* Shared.swift */; };
		FA12A34D2656CC5900439FA3 /* MainVC TrackSettingsVCDelegate.swift in Sources */ = {isa = PBXBuildFile; fileRef = FA12A34C2656CC5900439FA3 /* MainVC TrackSettingsVCDelegate.swift */; };
		FA18D3072653E3C0005D2A2F /* setupUI.swift in Sources */ = {isa = PBXBuildFile; fileRef = FA18D3062653E3C0005D2A2F /* setupUI.swift */; };
		FA18D30B2653F206005D2A2F /* Track.swift in Sources */ = {isa = PBXBuildFile; fileRef = FA18D30A2653F206005D2A2F /* Track.swift */; };
		FA18D30F2653F24E005D2A2F /* Cell.swift in Sources */ = {isa = PBXBuildFile; fileRef = FA18D30E2653F24E005D2A2F /* Cell.swift */; };
		FA18D3132653F26F005D2A2F /* Tempo.swift in Sources */ = {isa = PBXBuildFile; fileRef = FA18D3122653F26F005D2A2F /* Tempo.swift */; };
		FA18D31726542B09005D2A2F /* VerticalButton.swift in Sources */ = {isa = PBXBuildFile; fileRef = FA18D31626542B09005D2A2F /* VerticalButton.swift */; };
		FA2B383C265AEA8B00E602F6 /* CRUD.swift in Sources */ = {isa = PBXBuildFile; fileRef = FA2B383B265AEA8B00E602F6 /* CRUD.swift */; };
		FA2B3840265AEAE500E602F6 /* SnapShot.swift in Sources */ = {isa = PBXBuildFile; fileRef = FA2B383F265AEAE500E602F6 /* SnapShot.swift */; };
		FA2B3846265AF23900E602F6 /* SettingsTableVC.swift in Sources */ = {isa = PBXBuildFile; fileRef = FA2B3845265AF23900E602F6 /* SettingsTableVC.swift */; };
		FA2B384C265AFD1500E602F6 /* MainVC SettingsTableVCDelegate.swift in Sources */ = {isa = PBXBuildFile; fileRef = FA2B384B265AFD1500E602F6 /* MainVC SettingsTableVCDelegate.swift */; };
		FA2B3854265C5AD800E602F6 /* cellArrayToStringArray.swift in Sources */ = {isa = PBXBuildFile; fileRef = FA2B3853265C5AD800E602F6 /* cellArrayToStringArray.swift */; };
		FA2B385C265C5DF500E602F6 /* stringListToCellArray.swift in Sources */ = {isa = PBXBuildFile; fileRef = FA2B385B265C5DF500E602F6 /* stringListToCellArray.swift */; };
		FA30281126433C0D00406561 /* Sequencer.swift in Sources */ = {isa = PBXBuildFile; fileRef = FA30281026433C0D00406561 /* Sequencer.swift */; };
		FA425DFB26628519007D8977 /* SyncDelay.swift in Sources */ = {isa = PBXBuildFile; fileRef = FA425DFA26628519007D8977 /* SyncDelay.swift */; };
		FA425DFF2662FA04007D8977 /* AllKeysOfDictionary2StringArray.swift in Sources */ = {isa = PBXBuildFile; fileRef = FA425DFE2662FA04007D8977 /* AllKeysOfDictionary2StringArray.swift */; };
		FA562D3B264932C4000497C8 /* AVFoundation_Test_8_Timer___half_periodLength_Tests.swift in Sources */ = {isa = PBXBuildFile; fileRef = FA562D3A264932C4000497C8 /* AVFoundation_Test_8_Timer___half_periodLength_Tests.swift */; };
		FA562D45264933BD000497C8 /* SequencerTests.swift in Sources */ = {isa = PBXBuildFile; fileRef = FA562D44264933BD000497C8 /* SequencerTests.swift */; };
		FA6D27BF2663EAFC00AE6D5B /* DistortionTableVC.swift in Sources */ = {isa = PBXBuildFile; fileRef = FA6D27BE2663EAFC00AE6D5B /* DistortionTableVC.swift */; };
		FA70CD84264829EA007A212F /* hihat_2154samples.wav in Resources */ = {isa = PBXBuildFile; fileRef = FA70CD80264829E9007A212F /* hihat_2154samples.wav */; };
		FA70CD85264829EA007A212F /* kick_2156samples.wav in Resources */ = {isa = PBXBuildFile; fileRef = FA70CD81264829E9007A212F /* kick_2156samples.wav */; };
		FA70CD86264829EA007A212F /* open_hihat_2181samples.wav in Resources */ = {isa = PBXBuildFile; fileRef = FA70CD82264829EA007A212F /* open_hihat_2181samples.wav */; };
		FA70CD87264829EA007A212F /* snare_2152samples.wav in Resources */ = {isa = PBXBuildFile; fileRef = FA70CD83264829EA007A212F /* snare_2152samples.wav */; };
		FA70CD8C26482B25007A212F /* Notes.rtf in Resources */ = {isa = PBXBuildFile; fileRef = FA70CD8B26482B25007A212F /* Notes.rtf */; };
		FA715BBA265E7FED00F4CFDC /* ReverbTableVC.swift in Sources */ = {isa = PBXBuildFile; fileRef = FA715BB9265E7FED00F4CFDC /* ReverbTableVC.swift */; };
		FA715BBE265E7FFE00F4CFDC /* DelayTableVC.swift in Sources */ = {isa = PBXBuildFile; fileRef = FA715BBD265E7FFE00F4CFDC /* DelayTableVC.swift */; };
		FA8D6E76263EF2B4000FFFE3 /* AppDelegate.swift in Sources */ = {isa = PBXBuildFile; fileRef = FA8D6E75263EF2B4000FFFE3 /* AppDelegate.swift */; };
		FA8D6E78263EF2B4000FFFE3 /* SceneDelegate.swift in Sources */ = {isa = PBXBuildFile; fileRef = FA8D6E77263EF2B4000FFFE3 /* SceneDelegate.swift */; };
		FA8D6E7F263EF2B5000FFFE3 /* Assets.xcassets in Resources */ = {isa = PBXBuildFile; fileRef = FA8D6E7E263EF2B5000FFFE3 /* Assets.xcassets */; };
		FA8D6E82263EF2B5000FFFE3 /* LaunchScreen.storyboard in Resources */ = {isa = PBXBuildFile; fileRef = FA8D6E80263EF2B5000FFFE3 /* LaunchScreen.storyboard */; };
		FA8D6E8C263EF2C9000FFFE3 /* Main.storyboard in Resources */ = {isa = PBXBuildFile; fileRef = FA8D6E8B263EF2C9000FFFE3 /* Main.storyboard */; };
		FA8D6E94263EF2CF000FFFE3 /* pcm stereo 16 bit 44.1kHz.wav in Resources */ = {isa = PBXBuildFile; fileRef = FA8D6E91263EF2CF000FFFE3 /* pcm stereo 16 bit 44.1kHz.wav */; };
		FA8D6E98263EF2D9000FFFE3 /* Audio Time Extensions.swift in Sources */ = {isa = PBXBuildFile; fileRef = FA8D6E96263EF2D9000FFFE3 /* Audio Time Extensions.swift */; };
		FA8D6E99263EF2D9000FFFE3 /* RoundFunction.swift in Sources */ = {isa = PBXBuildFile; fileRef = FA8D6E97263EF2D9000FFFE3 /* RoundFunction.swift */; };
		FA8D6E9C263EF2E8000FFFE3 /* MainVC.swift in Sources */ = {isa = PBXBuildFile; fileRef = FA8D6E9B263EF2E8000FFFE3 /* MainVC.swift */; };
		FA8D6EA0263F3262000FFFE3 /* Constants.swift in Sources */ = {isa = PBXBuildFile; fileRef = FA8D6E9F263F3262000FFFE3 /* Constants.swift */; };
		FA8D6EA3263F4574000FFFE3 /* FlashExtension.swift in Sources */ = {isa = PBXBuildFile; fileRef = FA8D6EA2263F4574000FFFE3 /* FlashExtension.swift */; };
		FA8D6EA6263F6170000FFFE3 /* BpmDetector.swift in Sources */ = {isa = PBXBuildFile; fileRef = FA8D6EA5263F6170000FFFE3 /* BpmDetector.swift */; };
		FAA4C607266534B5005CC23C /* LoadSaveVC.swift in Sources */ = {isa = PBXBuildFile; fileRef = FAA4C606266534B5005CC23C /* LoadSaveVC.swift */; };
		FAA4C61926664276005CC23C /* todo.rtf in Resources */ = {isa = PBXBuildFile; fileRef = FAA4C61826664275005CC23C /* todo.rtf */; };
		FAB22319264413D300708387 /* silence.wav in Resources */ = {isa = PBXBuildFile; fileRef = FAB22318264413D300708387 /* silence.wav */; };
		FAB47AC22654F9D2006281CE /* PartNames.swift in Sources */ = {isa = PBXBuildFile; fileRef = FAB47AC12654F9D2006281CE /* PartNames.swift */; };
		FAB47ACA2654FFBB006281CE /* Part.swift in Sources */ = {isa = PBXBuildFile; fileRef = FAB47AC92654FFBB006281CE /* Part.swift */; };
		FAB47ACE26550223006281CE /* Pattern.swift in Sources */ = {isa = PBXBuildFile; fileRef = FAB47ACD26550223006281CE /* Pattern.swift */; };
		FAB47AD426552C50006281CE /* ClickableSegmentedControl.swift in Sources */ = {isa = PBXBuildFile; fileRef = FAB47AD326552C50006281CE /* ClickableSegmentedControl.swift */; };
		FAB47AD82655ACC1006281CE /* ChainModeNames.swift in Sources */ = {isa = PBXBuildFile; fileRef = FAB47AD72655ACC1006281CE /* ChainModeNames.swift */; };
		FAC71DF1264F37AE007FE152 /* 440CLHH.wav in Resources */ = {isa = PBXBuildFile; fileRef = FAC71DE7264F37AD007FE152 /* 440CLHH.wav */; };
		FAC71DF2264F37AE007FE152 /* 440OHH.wav in Resources */ = {isa = PBXBuildFile; fileRef = FAC71DE8264F37AE007FE152 /* 440OHH.wav */; };
		FAC71DF3264F37AE007FE152 /* 440SN1.wav in Resources */ = {isa = PBXBuildFile; fileRef = FAC71DE9264F37AE007FE152 /* 440SN1.wav */; };
		FAC71DF4264F37AE007FE152 /* 440SN2.wav in Resources */ = {isa = PBXBuildFile; fileRef = FAC71DEA264F37AE007FE152 /* 440SN2.wav */; };
		FAC71DF5264F37AE007FE152 /* 440KICK1.wav in Resources */ = {isa = PBXBuildFile; fileRef = FAC71DEB264F37AE007FE152 /* 440KICK1.wav */; };
		FAC71DF6264F37AE007FE152 /* 440CRASH.wav in Resources */ = {isa = PBXBuildFile; fileRef = FAC71DEC264F37AE007FE152 /* 440CRASH.wav */; };
		FAC71DF7264F37AE007FE152 /* 440SN3.wav in Resources */ = {isa = PBXBuildFile; fileRef = FAC71DED264F37AE007FE152 /* 440SN3.wav */; };
		FAC71DF8264F37AE007FE152 /* 440CLAP.wav in Resources */ = {isa = PBXBuildFile; fileRef = FAC71DEE264F37AE007FE152 /* 440CLAP.wav */; };
		FAC71DF9264F37AE007FE152 /* 440KICK3.wav in Resources */ = {isa = PBXBuildFile; fileRef = FAC71DEF264F37AE007FE152 /* 440KICK3.wav */; };
		FAC71DFA264F37AE007FE152 /* 440KICK2.wav in Resources */ = {isa = PBXBuildFile; fileRef = FAC71DF0264F37AE007FE152 /* 440KICK2.wav */; };
		FAC7FF73264A8D9E00041FEA /* HexColorExtension.swift in Sources */ = {isa = PBXBuildFile; fileRef = FAC7FF72264A8D9E00041FEA /* HexColorExtension.swift */; };
		FAE3DF382651BABA0000DD9F /* getConvertedPoint.swift in Sources */ = {isa = PBXBuildFile; fileRef = FAE3DF372651BABA0000DD9F /* getConvertedPoint.swift */; };
		FAFEA98E264BD34E002807DC /* hihat_2154samples_SOFT.wav in Resources */ = {isa = PBXBuildFile; fileRef = FAFEA98A264BD34D002807DC /* hihat_2154samples_SOFT.wav */; };
		FAFEA98F264BD34E002807DC /* open_hihat_2181samples_SOFT.wav in Resources */ = {isa = PBXBuildFile; fileRef = FAFEA98B264BD34D002807DC /* open_hihat_2181samples_SOFT.wav */; };
		FAFEA990264BD34E002807DC /* snare_2152samples_SOFT.wav in Resources */ = {isa = PBXBuildFile; fileRef = FAFEA98C264BD34E002807DC /* snare_2152samples_SOFT.wav */; };
		FAFEA991264BD34E002807DC /* kick_2156samples_SOFT.wav in Resources */ = {isa = PBXBuildFile; fileRef = FAFEA98D264BD34E002807DC /* kick_2156samples_SOFT.wav */; };
		FAFEA995264BD45B002807DC /* FileNames.swift in Sources */ = {isa = PBXBuildFile; fileRef = FAFEA994264BD45B002807DC /* FileNames.swift */; };
/* End PBXBuildFile section */

/* Begin PBXContainerItemProxy section */
		FA562D3D264932C4000497C8 /* PBXContainerItemProxy */ = {
			isa = PBXContainerItemProxy;
			containerPortal = FA8D6E6A263EF2B4000FFFE3 /* Project object */;
			proxyType = 1;
			remoteGlobalIDString = FA8D6E71263EF2B4000FFFE3;
			remoteInfo = "AVFoundation Test 8 Timer @ half periodLength";
		};
/* End PBXContainerItemProxy section */

/* Begin PBXFileReference section */
		1A060EBD22970B52618BED7C /* Pods_AVFoundation_Test_8_Timer___half_periodLength.framework */ = {isa = PBXFileReference; explicitFileType = wrapper.framework; includeInIndex = 0; path = "Pods_AVFoundation_Test_8_Timer___half_periodLength.framework"; sourceTree = BUILT_PRODUCTS_DIR; };
		2630E1FB3071F3801D941201 /* Pods-AVFoundation Test 8 Timer @ half periodLength.release.xcconfig */ = {isa = PBXFileReference; includeInIndex = 1; lastKnownFileType = text.xcconfig; name = "Pods-AVFoundation Test 8 Timer @ half periodLength.release.xcconfig"; path = "Target Support Files/Pods-AVFoundation Test 8 Timer @ half periodLength/Pods-AVFoundation Test 8 Timer @ half periodLength.release.xcconfig"; sourceTree = "<group>"; };
		37A5A2CA7317703B3913ECF1 /* Pods-AVFoundation Test 8 Timer @ half periodLength.debug.xcconfig */ = {isa = PBXFileReference; includeInIndex = 1; lastKnownFileType = text.xcconfig; name = "Pods-AVFoundation Test 8 Timer @ half periodLength.debug.xcconfig"; path = "Target Support Files/Pods-AVFoundation Test 8 Timer @ half periodLength/Pods-AVFoundation Test 8 Timer @ half periodLength.debug.xcconfig"; sourceTree = "<group>"; };
		88E47327787823C34AE7A188 /* Pods-AVFoundation Test 8 Timer @ half periodLength Tests.debug.xcconfig */ = {isa = PBXFileReference; includeInIndex = 1; lastKnownFileType = text.xcconfig; name = "Pods-AVFoundation Test 8 Timer @ half periodLength Tests.debug.xcconfig"; path = "Target Support Files/Pods-AVFoundation Test 8 Timer @ half periodLength Tests/Pods-AVFoundation Test 8 Timer @ half periodLength Tests.debug.xcconfig"; sourceTree = "<group>"; };
		90E9D47BAE965BB5D2FEF550 /* Pods_AVFoundation_Test_8_Timer___half_periodLength_Tests.framework */ = {isa = PBXFileReference; explicitFileType = wrapper.framework; includeInIndex = 0; path = "Pods_AVFoundation_Test_8_Timer___half_periodLength_Tests.framework"; sourceTree = BUILT_PRODUCTS_DIR; };
		9C68E0FE36BF6F605877E7D6 /* Pods-AVFoundation Test 8 Timer @ half periodLength Tests.release.xcconfig */ = {isa = PBXFileReference; includeInIndex = 1; lastKnownFileType = text.xcconfig; name = "Pods-AVFoundation Test 8 Timer @ half periodLength Tests.release.xcconfig"; path = "Target Support Files/Pods-AVFoundation Test 8 Timer @ half periodLength Tests/Pods-AVFoundation Test 8 Timer @ half periodLength Tests.release.xcconfig"; sourceTree = "<group>"; };
		FA02EC8926447E9100B416D3 /* setBackgroundColor UIButton Extension.swift */ = {isa = PBXFileReference; lastKnownFileType = sourcecode.swift; path = "setBackgroundColor UIButton Extension.swift"; sourceTree = "<group>"; };
		FA0DDA0E265E8B3B00D155D6 /* AV FX Presets Description Extension.swift */ = {isa = PBXFileReference; lastKnownFileType = sourcecode.swift; path = "AV FX Presets Description Extension.swift"; sourceTree = "<group>"; };
		FA0E89442646218200B7CD45 /* DefaultPatterns.swift */ = {isa = PBXFileReference; lastKnownFileType = sourcecode.swift; path = DefaultPatterns.swift; sourceTree = "<group>"; };
		FA12A3322655C25E00439FA3 /* PickerView Extension.swift */ = {isa = PBXFileReference; lastKnownFileType = sourcecode.swift; path = "PickerView Extension.swift"; sourceTree = "<group>"; };
		FA12A33626564D4300439FA3 /* SettingsVC.swift */ = {isa = PBXFileReference; lastKnownFileType = sourcecode.swift; path = SettingsVC.swift; sourceTree = "<group>"; };
		FA12A33E2656627100439FA3 /* TrackSettingsVC.swift */ = {isa = PBXFileReference; lastKnownFileType = sourcecode.swift; path = TrackSettingsVC.swift; sourceTree = "<group>"; };
		FA12A3422656B4CC00439FA3 /* SoundSelectionTableVC.swift */ = {isa = PBXFileReference; lastKnownFileType = sourcecode.swift; path = SoundSelectionTableVC.swift; sourceTree = "<group>"; };
		FA12A3462656B60E00439FA3 /* Shared.swift */ = {isa = PBXFileReference; lastKnownFileType = sourcecode.swift; path = Shared.swift; sourceTree = "<group>"; };
		FA12A34C2656CC5900439FA3 /* MainVC TrackSettingsVCDelegate.swift */ = {isa = PBXFileReference; lastKnownFileType = sourcecode.swift; path = "MainVC TrackSettingsVCDelegate.swift"; sourceTree = "<group>"; };
		FA18D3062653E3C0005D2A2F /* setupUI.swift */ = {isa = PBXFileReference; lastKnownFileType = sourcecode.swift; path = setupUI.swift; sourceTree = "<group>"; };
		FA18D30A2653F206005D2A2F /* Track.swift */ = {isa = PBXFileReference; lastKnownFileType = sourcecode.swift; path = Track.swift; sourceTree = "<group>"; };
		FA18D30E2653F24E005D2A2F /* Cell.swift */ = {isa = PBXFileReference; lastKnownFileType = sourcecode.swift; path = Cell.swift; sourceTree = "<group>"; };
		FA18D3122653F26F005D2A2F /* Tempo.swift */ = {isa = PBXFileReference; lastKnownFileType = sourcecode.swift; path = Tempo.swift; sourceTree = "<group>"; };
		FA18D31626542B09005D2A2F /* VerticalButton.swift */ = {isa = PBXFileReference; lastKnownFileType = sourcecode.swift; path = VerticalButton.swift; sourceTree = "<group>"; };
		FA2B383B265AEA8B00E602F6 /* CRUD.swift */ = {isa = PBXFileReference; lastKnownFileType = sourcecode.swift; path = CRUD.swift; sourceTree = "<group>"; };
		FA2B383F265AEAE500E602F6 /* SnapShot.swift */ = {isa = PBXFileReference; lastKnownFileType = sourcecode.swift; path = SnapShot.swift; sourceTree = "<group>"; };
		FA2B3845265AF23900E602F6 /* SettingsTableVC.swift */ = {isa = PBXFileReference; lastKnownFileType = sourcecode.swift; path = SettingsTableVC.swift; sourceTree = "<group>"; };
		FA2B384B265AFD1500E602F6 /* MainVC SettingsTableVCDelegate.swift */ = {isa = PBXFileReference; lastKnownFileType = sourcecode.swift; path = "MainVC SettingsTableVCDelegate.swift"; sourceTree = "<group>"; };
		FA2B3853265C5AD800E602F6 /* cellArrayToStringArray.swift */ = {isa = PBXFileReference; lastKnownFileType = sourcecode.swift; path = cellArrayToStringArray.swift; sourceTree = "<group>"; };
		FA2B385B265C5DF500E602F6 /* stringListToCellArray.swift */ = {isa = PBXFileReference; lastKnownFileType = sourcecode.swift; path = stringListToCellArray.swift; sourceTree = "<group>"; };
		FA30281026433C0D00406561 /* Sequencer.swift */ = {isa = PBXFileReference; lastKnownFileType = sourcecode.swift; path = Sequencer.swift; sourceTree = "<group>"; };
		FA425DFA26628519007D8977 /* SyncDelay.swift */ = {isa = PBXFileReference; lastKnownFileType = sourcecode.swift; path = SyncDelay.swift; sourceTree = "<group>"; };
		FA425DFE2662FA04007D8977 /* AllKeysOfDictionary2StringArray.swift */ = {isa = PBXFileReference; lastKnownFileType = sourcecode.swift; path = AllKeysOfDictionary2StringArray.swift; sourceTree = "<group>"; };
		FA562D38264932C4000497C8 /* AVFoundation Test 8 Timer @ half periodLength Tests.xctest */ = {isa = PBXFileReference; explicitFileType = wrapper.cfbundle; includeInIndex = 0; path = "AVFoundation Test 8 Timer @ half periodLength Tests.xctest"; sourceTree = BUILT_PRODUCTS_DIR; };
		FA562D3A264932C4000497C8 /* AVFoundation_Test_8_Timer___half_periodLength_Tests.swift */ = {isa = PBXFileReference; lastKnownFileType = sourcecode.swift; path = "AVFoundation_Test_8_Timer___half_periodLength_Tests.swift"; sourceTree = "<group>"; };
		FA562D3C264932C4000497C8 /* Info.plist */ = {isa = PBXFileReference; lastKnownFileType = text.plist.xml; path = Info.plist; sourceTree = "<group>"; };
		FA562D44264933BD000497C8 /* SequencerTests.swift */ = {isa = PBXFileReference; lastKnownFileType = sourcecode.swift; path = SequencerTests.swift; sourceTree = "<group>"; };
		FA6D27BE2663EAFC00AE6D5B /* DistortionTableVC.swift */ = {isa = PBXFileReference; lastKnownFileType = sourcecode.swift; path = DistortionTableVC.swift; sourceTree = "<group>"; };
		FA70CD80264829E9007A212F /* hihat_2154samples.wav */ = {isa = PBXFileReference; lastKnownFileType = audio.wav; path = hihat_2154samples.wav; sourceTree = "<group>"; };
		FA70CD81264829E9007A212F /* kick_2156samples.wav */ = {isa = PBXFileReference; lastKnownFileType = audio.wav; path = kick_2156samples.wav; sourceTree = "<group>"; };
		FA70CD82264829EA007A212F /* open_hihat_2181samples.wav */ = {isa = PBXFileReference; lastKnownFileType = audio.wav; path = open_hihat_2181samples.wav; sourceTree = "<group>"; };
		FA70CD83264829EA007A212F /* snare_2152samples.wav */ = {isa = PBXFileReference; lastKnownFileType = audio.wav; path = snare_2152samples.wav; sourceTree = "<group>"; };
		FA70CD8B26482B25007A212F /* Notes.rtf */ = {isa = PBXFileReference; lastKnownFileType = text.rtf; path = Notes.rtf; sourceTree = "<group>"; };
		FA715BB9265E7FED00F4CFDC /* ReverbTableVC.swift */ = {isa = PBXFileReference; lastKnownFileType = sourcecode.swift; path = ReverbTableVC.swift; sourceTree = "<group>"; };
		FA715BBD265E7FFE00F4CFDC /* DelayTableVC.swift */ = {isa = PBXFileReference; lastKnownFileType = sourcecode.swift; path = DelayTableVC.swift; sourceTree = "<group>"; };
		FA8D6E72263EF2B4000FFFE3 /* AVFoundation Test 8 Timer @ half periodLength.app */ = {isa = PBXFileReference; explicitFileType = wrapper.application; includeInIndex = 0; path = "AVFoundation Test 8 Timer @ half periodLength.app"; sourceTree = BUILT_PRODUCTS_DIR; };
		FA8D6E75263EF2B4000FFFE3 /* AppDelegate.swift */ = {isa = PBXFileReference; lastKnownFileType = sourcecode.swift; path = AppDelegate.swift; sourceTree = "<group>"; };
		FA8D6E77263EF2B4000FFFE3 /* SceneDelegate.swift */ = {isa = PBXFileReference; lastKnownFileType = sourcecode.swift; path = SceneDelegate.swift; sourceTree = "<group>"; };
		FA8D6E7E263EF2B5000FFFE3 /* Assets.xcassets */ = {isa = PBXFileReference; lastKnownFileType = folder.assetcatalog; path = Assets.xcassets; sourceTree = "<group>"; };
		FA8D6E81263EF2B5000FFFE3 /* Base */ = {isa = PBXFileReference; lastKnownFileType = file.storyboard; name = Base; path = Base.lproj/LaunchScreen.storyboard; sourceTree = "<group>"; };
		FA8D6E83263EF2B5000FFFE3 /* Info.plist */ = {isa = PBXFileReference; lastKnownFileType = text.plist.xml; path = Info.plist; sourceTree = "<group>"; };
		FA8D6E8B263EF2C9000FFFE3 /* Main.storyboard */ = {isa = PBXFileReference; fileEncoding = 4; lastKnownFileType = file.storyboard; path = Main.storyboard; sourceTree = "<group>"; };
		FA8D6E91263EF2CF000FFFE3 /* pcm stereo 16 bit 44.1kHz.wav */ = {isa = PBXFileReference; lastKnownFileType = audio.wav; path = "pcm stereo 16 bit 44.1kHz.wav"; sourceTree = "<group>"; };
		FA8D6E96263EF2D9000FFFE3 /* Audio Time Extensions.swift */ = {isa = PBXFileReference; fileEncoding = 4; lastKnownFileType = sourcecode.swift; path = "Audio Time Extensions.swift"; sourceTree = "<group>"; };
		FA8D6E97263EF2D9000FFFE3 /* RoundFunction.swift */ = {isa = PBXFileReference; fileEncoding = 4; lastKnownFileType = sourcecode.swift; path = RoundFunction.swift; sourceTree = "<group>"; };
		FA8D6E9B263EF2E8000FFFE3 /* MainVC.swift */ = {isa = PBXFileReference; fileEncoding = 4; lastKnownFileType = sourcecode.swift; path = MainVC.swift; sourceTree = "<group>"; };
		FA8D6E9F263F3262000FFFE3 /* Constants.swift */ = {isa = PBXFileReference; fileEncoding = 4; lastKnownFileType = sourcecode.swift; path = Constants.swift; sourceTree = "<group>"; };
		FA8D6EA2263F4574000FFFE3 /* FlashExtension.swift */ = {isa = PBXFileReference; fileEncoding = 4; lastKnownFileType = sourcecode.swift; path = FlashExtension.swift; sourceTree = "<group>"; };
		FA8D6EA5263F6170000FFFE3 /* BpmDetector.swift */ = {isa = PBXFileReference; fileEncoding = 4; lastKnownFileType = sourcecode.swift; path = BpmDetector.swift; sourceTree = "<group>"; };
		FAA4C606266534B5005CC23C /* LoadSaveVC.swift */ = {isa = PBXFileReference; lastKnownFileType = sourcecode.swift; path = LoadSaveVC.swift; sourceTree = "<group>"; };
		FAA4C61826664275005CC23C /* todo.rtf */ = {isa = PBXFileReference; lastKnownFileType = text.rtf; path = todo.rtf; sourceTree = "<group>"; };
		FAB22318264413D300708387 /* silence.wav */ = {isa = PBXFileReference; lastKnownFileType = audio.wav; path = silence.wav; sourceTree = "<group>"; };
		FAB47AC12654F9D2006281CE /* PartNames.swift */ = {isa = PBXFileReference; lastKnownFileType = sourcecode.swift; path = PartNames.swift; sourceTree = "<group>"; };
		FAB47AC92654FFBB006281CE /* Part.swift */ = {isa = PBXFileReference; lastKnownFileType = sourcecode.swift; path = Part.swift; sourceTree = "<group>"; };
		FAB47ACD26550223006281CE /* Pattern.swift */ = {isa = PBXFileReference; lastKnownFileType = sourcecode.swift; path = Pattern.swift; sourceTree = "<group>"; };
		FAB47AD326552C50006281CE /* ClickableSegmentedControl.swift */ = {isa = PBXFileReference; lastKnownFileType = sourcecode.swift; path = ClickableSegmentedControl.swift; sourceTree = "<group>"; };
		FAB47AD72655ACC1006281CE /* ChainModeNames.swift */ = {isa = PBXFileReference; lastKnownFileType = sourcecode.swift; path = ChainModeNames.swift; sourceTree = "<group>"; };
		FAC71DE7264F37AD007FE152 /* 440CLHH.wav */ = {isa = PBXFileReference; lastKnownFileType = audio.wav; path = 440CLHH.wav; sourceTree = "<group>"; };
		FAC71DE8264F37AE007FE152 /* 440OHH.wav */ = {isa = PBXFileReference; lastKnownFileType = audio.wav; path = 440OHH.wav; sourceTree = "<group>"; };
		FAC71DE9264F37AE007FE152 /* 440SN1.wav */ = {isa = PBXFileReference; lastKnownFileType = audio.wav; path = 440SN1.wav; sourceTree = "<group>"; };
		FAC71DEA264F37AE007FE152 /* 440SN2.wav */ = {isa = PBXFileReference; lastKnownFileType = audio.wav; path = 440SN2.wav; sourceTree = "<group>"; };
		FAC71DEB264F37AE007FE152 /* 440KICK1.wav */ = {isa = PBXFileReference; lastKnownFileType = audio.wav; path = 440KICK1.wav; sourceTree = "<group>"; };
		FAC71DEC264F37AE007FE152 /* 440CRASH.wav */ = {isa = PBXFileReference; lastKnownFileType = audio.wav; path = 440CRASH.wav; sourceTree = "<group>"; };
		FAC71DED264F37AE007FE152 /* 440SN3.wav */ = {isa = PBXFileReference; lastKnownFileType = audio.wav; path = 440SN3.wav; sourceTree = "<group>"; };
		FAC71DEE264F37AE007FE152 /* 440CLAP.wav */ = {isa = PBXFileReference; lastKnownFileType = audio.wav; path = 440CLAP.wav; sourceTree = "<group>"; };
		FAC71DEF264F37AE007FE152 /* 440KICK3.wav */ = {isa = PBXFileReference; lastKnownFileType = audio.wav; path = 440KICK3.wav; sourceTree = "<group>"; };
		FAC71DF0264F37AE007FE152 /* 440KICK2.wav */ = {isa = PBXFileReference; lastKnownFileType = audio.wav; path = 440KICK2.wav; sourceTree = "<group>"; };
		FAC7FF72264A8D9E00041FEA /* HexColorExtension.swift */ = {isa = PBXFileReference; fileEncoding = 4; lastKnownFileType = sourcecode.swift; path = HexColorExtension.swift; sourceTree = "<group>"; };
		FAE3DF372651BABA0000DD9F /* getConvertedPoint.swift */ = {isa = PBXFileReference; lastKnownFileType = sourcecode.swift; path = getConvertedPoint.swift; sourceTree = "<group>"; };
		FAFEA98A264BD34D002807DC /* hihat_2154samples_SOFT.wav */ = {isa = PBXFileReference; lastKnownFileType = audio.wav; path = hihat_2154samples_SOFT.wav; sourceTree = "<group>"; };
		FAFEA98B264BD34D002807DC /* open_hihat_2181samples_SOFT.wav */ = {isa = PBXFileReference; lastKnownFileType = audio.wav; path = open_hihat_2181samples_SOFT.wav; sourceTree = "<group>"; };
		FAFEA98C264BD34E002807DC /* snare_2152samples_SOFT.wav */ = {isa = PBXFileReference; lastKnownFileType = audio.wav; path = snare_2152samples_SOFT.wav; sourceTree = "<group>"; };
		FAFEA98D264BD34E002807DC /* kick_2156samples_SOFT.wav */ = {isa = PBXFileReference; lastKnownFileType = audio.wav; path = kick_2156samples_SOFT.wav; sourceTree = "<group>"; };
		FAFEA994264BD45B002807DC /* FileNames.swift */ = {isa = PBXFileReference; lastKnownFileType = sourcecode.swift; path = FileNames.swift; sourceTree = "<group>"; };
/* End PBXFileReference section */

/* Begin PBXFrameworksBuildPhase section */
		FA562D35264932C4000497C8 /* Frameworks */ = {
			isa = PBXFrameworksBuildPhase;
			buildActionMask = 2147483647;
			files = (
				13245D7722B11CB0D4E20C58 /* Pods_AVFoundation_Test_8_Timer___half_periodLength_Tests.framework in Frameworks */,
			);
			runOnlyForDeploymentPostprocessing = 0;
		};
		FA8D6E6F263EF2B4000FFFE3 /* Frameworks */ = {
			isa = PBXFrameworksBuildPhase;
			buildActionMask = 2147483647;
			files = (
				1B5912817CA00580E1ED31FC /* Pods_AVFoundation_Test_8_Timer___half_periodLength.framework in Frameworks */,
			);
			runOnlyForDeploymentPostprocessing = 0;
		};
/* End PBXFrameworksBuildPhase section */

/* Begin PBXGroup section */
		CA4D594C5C7B350EF55400DA /* Pods */ = {
			isa = PBXGroup;
			children = (
				37A5A2CA7317703B3913ECF1 /* Pods-AVFoundation Test 8 Timer @ half periodLength.debug.xcconfig */,
				2630E1FB3071F3801D941201 /* Pods-AVFoundation Test 8 Timer @ half periodLength.release.xcconfig */,
				88E47327787823C34AE7A188 /* Pods-AVFoundation Test 8 Timer @ half periodLength Tests.debug.xcconfig */,
				9C68E0FE36BF6F605877E7D6 /* Pods-AVFoundation Test 8 Timer @ half periodLength Tests.release.xcconfig */,
			);
			path = Pods;
			sourceTree = "<group>";
		};
		FA2B385F265C5DFB00E602F6 /* Realm Helper */ = {
			isa = PBXGroup;
			children = (
				FA2B3853265C5AD800E602F6 /* cellArrayToStringArray.swift */,
				FA2B385B265C5DF500E602F6 /* stringListToCellArray.swift */,
			);
			path = "Realm Helper";
			sourceTree = "<group>";
		};
		FA2B3862265C5EC400E602F6 /* Realm */ = {
			isa = PBXGroup;
			children = (
				FA2B384B265AFD1500E602F6 /* MainVC SettingsTableVCDelegate.swift */,
			);
			path = Realm;
			sourceTree = "<group>";
		};
		FA562D39264932C4000497C8 /* AVFoundation Test 8 Timer @ half periodLength Tests */ = {
			isa = PBXGroup;
			children = (
				FA562D3A264932C4000497C8 /* AVFoundation_Test_8_Timer___half_periodLength_Tests.swift */,
				FA562D3C264932C4000497C8 /* Info.plist */,
				FA562D44264933BD000497C8 /* SequencerTests.swift */,
			);
			path = "AVFoundation Test 8 Timer @ half periodLength Tests";
			sourceTree = "<group>";
		};
		FA6C96062641B63100114B08 /* Controller */ = {
			isa = PBXGroup;
			children = (
				FA2B3862265C5EC400E602F6 /* Realm */,
				FA8D6E9B263EF2E8000FFFE3 /* MainVC.swift */,
				FA861813265EEA3D00EB194A /* TrackSettings */,
				FA2B3845265AF23900E602F6 /* SettingsTableVC.swift */,
				FA12A33626564D4300439FA3 /* SettingsVC.swift */,
				FA12A3322655C25E00439FA3 /* PickerView Extension.swift */,
				FA18D3062653E3C0005D2A2F /* setupUI.swift */,
				FA2B383B265AEA8B00E602F6 /* CRUD.swift */,
				FAA4C606266534B5005CC23C /* LoadSaveVC.swift */,
			);
			path = Controller;
			sourceTree = "<group>";
		};
		FA6C96082641B64000114B08 /* Model */ = {
			isa = PBXGroup;
			children = (
				FA2B385F265C5DFB00E602F6 /* Realm Helper */,
				FA30281026433C0D00406561 /* Sequencer.swift */,
				FA8D6EA5263F6170000FFFE3 /* BpmDetector.swift */,
				FA18D30A2653F206005D2A2F /* Track.swift */,
				FAB47AC92654FFBB006281CE /* Part.swift */,
				FA18D30E2653F24E005D2A2F /* Cell.swift */,
				FAB47AC12654F9D2006281CE /* PartNames.swift */,
				FA18D3122653F26F005D2A2F /* Tempo.swift */,
				FA0E89442646218200B7CD45 /* DefaultPatterns.swift */,
				FAB47ACD26550223006281CE /* Pattern.swift */,
				FAFEA994264BD45B002807DC /* FileNames.swift */,
				FAB47AD72655ACC1006281CE /* ChainModeNames.swift */,
				FA8D6E9F263F3262000FFFE3 /* Constants.swift */,
				FA12A3462656B60E00439FA3 /* Shared.swift */,
				FA2B383F265AEAE500E602F6 /* SnapShot.swift */,
				FA0DDA0E265E8B3B00D155D6 /* AV FX Presets Description Extension.swift */,
				FA425DFA26628519007D8977 /* SyncDelay.swift */,
			);
			path = Model;
			sourceTree = "<group>";
		};
		FA6C960A2641B64600114B08 /* Helper */ = {
			isa = PBXGroup;
			children = (
				FAC7FF72264A8D9E00041FEA /* HexColorExtension.swift */,
				FA8D6E96263EF2D9000FFFE3 /* Audio Time Extensions.swift */,
				FA8D6E97263EF2D9000FFFE3 /* RoundFunction.swift */,
				FA8D6EA2263F4574000FFFE3 /* FlashExtension.swift */,
				FA02EC8926447E9100B416D3 /* setBackgroundColor UIButton Extension.swift */,
				FAE3DF372651BABA0000DD9F /* getConvertedPoint.swift */,
				FA18D31626542B09005D2A2F /* VerticalButton.swift */,
				FAB47AD326552C50006281CE /* ClickableSegmentedControl.swift */,
				FA425DFE2662FA04007D8977 /* AllKeysOfDictionary2StringArray.swift */,
			);
			path = Helper;
			sourceTree = "<group>";
		};
		FA6C960D2641B66900114B08 /* View */ = {
			isa = PBXGroup;
			children = (
				FA8D6E8B263EF2C9000FFFE3 /* Main.storyboard */,
			);
			path = View;
			sourceTree = "<group>";
		};
		FA6C960E2641B69300114B08 /* etc. */ = {
			isa = PBXGroup;
			children = (
				FA8D6E7E263EF2B5000FFFE3 /* Assets.xcassets */,
				FA8D6E80263EF2B5000FFFE3 /* LaunchScreen.storyboard */,
			);
			path = etc.;
			sourceTree = "<group>";
		};
		FA6C960F2641B6B600114B08 /* Delegates */ = {
			isa = PBXGroup;
			children = (
				FA8D6E75263EF2B4000FFFE3 /* AppDelegate.swift */,
				FA8D6E77263EF2B4000FFFE3 /* SceneDelegate.swift */,
			);
			path = Delegates;
			sourceTree = "<group>";
		};
		FA861813265EEA3D00EB194A /* TrackSettings */ = {
			isa = PBXGroup;
			children = (
				FA12A34C2656CC5900439FA3 /* MainVC TrackSettingsVCDelegate.swift */,
				FA12A33E2656627100439FA3 /* TrackSettingsVC.swift */,
				FA12A3422656B4CC00439FA3 /* SoundSelectionTableVC.swift */,
				FA715BB9265E7FED00F4CFDC /* ReverbTableVC.swift */,
				FA715BBD265E7FFE00F4CFDC /* DelayTableVC.swift */,
				FA6D27BE2663EAFC00AE6D5B /* DistortionTableVC.swift */,
			);
			path = TrackSettings;
			sourceTree = "<group>";
		};
		FA8D6E69263EF2B4000FFFE3 = {
			isa = PBXGroup;
			children = (
				FA8D6E74263EF2B4000FFFE3 /* AVFoundation Test 8 Timer @ half periodLength */,
				FA562D39264932C4000497C8 /* AVFoundation Test 8 Timer @ half periodLength Tests */,
				FA8D6E73263EF2B4000FFFE3 /* Products */,
				CA4D594C5C7B350EF55400DA /* Pods */,
				FFCA6A8D55CCE503FF0C6B0E /* Frameworks */,
			);
			sourceTree = "<group>";
		};
		FA8D6E73263EF2B4000FFFE3 /* Products */ = {
			isa = PBXGroup;
			children = (
				FA8D6E72263EF2B4000FFFE3 /* AVFoundation Test 8 Timer @ half periodLength.app */,
				FA562D38264932C4000497C8 /* AVFoundation Test 8 Timer @ half periodLength Tests.xctest */,
			);
			name = Products;
			sourceTree = "<group>";
		};
		FA8D6E74263EF2B4000FFFE3 /* AVFoundation Test 8 Timer @ half periodLength */ = {
			isa = PBXGroup;
			children = (
				FA6C960F2641B6B600114B08 /* Delegates */,
				FA6C96082641B64000114B08 /* Model */,
				FA6C960D2641B66900114B08 /* View */,
				FA6C96062641B63100114B08 /* Controller */,
				FA6C960A2641B64600114B08 /* Helper */,
				FA6C960E2641B69300114B08 /* etc. */,
				FA8D6E83263EF2B5000FFFE3 /* Info.plist */,
				FA8D6E8E263EF2CF000FFFE3 /* sounds */,
				FA70CD8B26482B25007A212F /* Notes.rtf */,
				FAA4C61826664275005CC23C /* todo.rtf */,
			);
			path = "AVFoundation Test 8 Timer @ half periodLength";
			sourceTree = "<group>";
		};
		FA8D6E8E263EF2CF000FFFE3 /* sounds */ = {
			isa = PBXGroup;
			children = (
				FAC71DAE264F2E4E007FE152 /* 440 */,
				FAB22318264413D300708387 /* silence.wav */,
				FA70CD80264829E9007A212F /* hihat_2154samples.wav */,
				FAFEA98A264BD34D002807DC /* hihat_2154samples_SOFT.wav */,
				FAFEA98D264BD34E002807DC /* kick_2156samples_SOFT.wav */,
				FAFEA98B264BD34D002807DC /* open_hihat_2181samples_SOFT.wav */,
				FAFEA98C264BD34E002807DC /* snare_2152samples_SOFT.wav */,
				FA70CD81264829E9007A212F /* kick_2156samples.wav */,
				FA70CD82264829EA007A212F /* open_hihat_2181samples.wav */,
				FA70CD83264829EA007A212F /* snare_2152samples.wav */,
				FA8D6E91263EF2CF000FFFE3 /* pcm stereo 16 bit 44.1kHz.wav */,
			);
			path = sounds;
			sourceTree = "<group>";
		};
		FAC71DAE264F2E4E007FE152 /* 440 */ = {
			isa = PBXGroup;
			children = (
				FAC71DE7264F37AD007FE152 /* 440CLHH.wav */,
				FAC71DEC264F37AE007FE152 /* 440CRASH.wav */,
				FAC71DEE264F37AE007FE152 /* 440CLAP.wav */,
				FAC71DEB264F37AE007FE152 /* 440KICK1.wav */,
				FAC71DF0264F37AE007FE152 /* 440KICK2.wav */,
				FAC71DEF264F37AE007FE152 /* 440KICK3.wav */,
				FAC71DE8264F37AE007FE152 /* 440OHH.wav */,
				FAC71DE9264F37AE007FE152 /* 440SN1.wav */,
				FAC71DEA264F37AE007FE152 /* 440SN2.wav */,
				FAC71DED264F37AE007FE152 /* 440SN3.wav */,
			);
			name = 440;
			path = "Neuer Ordner mit Objekten/440";
			sourceTree = "<group>";
		};
		FFCA6A8D55CCE503FF0C6B0E /* Frameworks */ = {
			isa = PBXGroup;
			children = (
				1A060EBD22970B52618BED7C /* Pods_AVFoundation_Test_8_Timer___half_periodLength.framework */,
				90E9D47BAE965BB5D2FEF550 /* Pods_AVFoundation_Test_8_Timer___half_periodLength_Tests.framework */,
			);
			name = Frameworks;
			sourceTree = "<group>";
		};
/* End PBXGroup section */

/* Begin PBXNativeTarget section */
		FA562D37264932C4000497C8 /* AVFoundation Test 8 Timer @ half periodLength Tests */ = {
			isa = PBXNativeTarget;
			buildConfigurationList = FA562D41264932C4000497C8 /* Build configuration list for PBXNativeTarget "AVFoundation Test 8 Timer @ half periodLength Tests" */;
			buildPhases = (
				B876B04F34556E6AB5ACB29C /* [CP] Check Pods Manifest.lock */,
				FA562D34264932C4000497C8 /* Sources */,
				FA562D35264932C4000497C8 /* Frameworks */,
				FA562D36264932C4000497C8 /* Resources */,
			);
			buildRules = (
			);
			dependencies = (
				FA562D3E264932C4000497C8 /* PBXTargetDependency */,
			);
			name = "AVFoundation Test 8 Timer @ half periodLength Tests";
			productName = "AVFoundation Test 8 Timer @ half periodLength Tests";
			productReference = FA562D38264932C4000497C8 /* AVFoundation Test 8 Timer @ half periodLength Tests.xctest */;
			productType = "com.apple.product-type.bundle.unit-test";
		};
		FA8D6E71263EF2B4000FFFE3 /* AVFoundation Test 8 Timer @ half periodLength */ = {
			isa = PBXNativeTarget;
			buildConfigurationList = FA8D6E86263EF2B5000FFFE3 /* Build configuration list for PBXNativeTarget "AVFoundation Test 8 Timer @ half periodLength" */;
			buildPhases = (
				9FA0F2742EE06D14C9CFC9B3 /* [CP] Check Pods Manifest.lock */,
				FA8D6E6E263EF2B4000FFFE3 /* Sources */,
				FA8D6E6F263EF2B4000FFFE3 /* Frameworks */,
				FA8D6E70263EF2B4000FFFE3 /* Resources */,
				1608520EB6927E9D3C06249F /* [CP] Embed Pods Frameworks */,
			);
			buildRules = (
			);
			dependencies = (
			);
			name = "AVFoundation Test 8 Timer @ half periodLength";
			productName = "AVFoundation Test 8 Timer @ half periodLength";
			productReference = FA8D6E72263EF2B4000FFFE3 /* AVFoundation Test 8 Timer @ half periodLength.app */;
			productType = "com.apple.product-type.application";
		};
/* End PBXNativeTarget section */

/* Begin PBXProject section */
		FA8D6E6A263EF2B4000FFFE3 /* Project object */ = {
			isa = PBXProject;
			attributes = {
				LastSwiftUpdateCheck = 1240;
				LastUpgradeCheck = 1240;
				TargetAttributes = {
					FA562D37264932C4000497C8 = {
						CreatedOnToolsVersion = 12.4;
						TestTargetID = FA8D6E71263EF2B4000FFFE3;
					};
					FA8D6E71263EF2B4000FFFE3 = {
						CreatedOnToolsVersion = 12.4;
					};
				};
			};
			buildConfigurationList = FA8D6E6D263EF2B4000FFFE3 /* Build configuration list for PBXProject "AVFoundation Test 8 Timer @ half periodLength" */;
			compatibilityVersion = "Xcode 9.3";
			developmentRegion = en;
			hasScannedForEncodings = 0;
			knownRegions = (
				en,
				Base,
			);
			mainGroup = FA8D6E69263EF2B4000FFFE3;
			productRefGroup = FA8D6E73263EF2B4000FFFE3 /* Products */;
			projectDirPath = "";
			projectRoot = "";
			targets = (
				FA8D6E71263EF2B4000FFFE3 /* AVFoundation Test 8 Timer @ half periodLength */,
				FA562D37264932C4000497C8 /* AVFoundation Test 8 Timer @ half periodLength Tests */,
			);
		};
/* End PBXProject section */

/* Begin PBXResourcesBuildPhase section */
		FA562D36264932C4000497C8 /* Resources */ = {
			isa = PBXResourcesBuildPhase;
			buildActionMask = 2147483647;
			files = (
			);
			runOnlyForDeploymentPostprocessing = 0;
		};
		FA8D6E70263EF2B4000FFFE3 /* Resources */ = {
			isa = PBXResourcesBuildPhase;
			buildActionMask = 2147483647;
			files = (
				FAB22319264413D300708387 /* silence.wav in Resources */,
				FAC71DF6264F37AE007FE152 /* 440CRASH.wav in Resources */,
				FA70CD85264829EA007A212F /* kick_2156samples.wav in Resources */,
				FAC71DF7264F37AE007FE152 /* 440SN3.wav in Resources */,
				FA70CD87264829EA007A212F /* snare_2152samples.wav in Resources */,
				FAC71DF8264F37AE007FE152 /* 440CLAP.wav in Resources */,
				FA8D6E94263EF2CF000FFFE3 /* pcm stereo 16 bit 44.1kHz.wav in Resources */,
				FAC71DF1264F37AE007FE152 /* 440CLHH.wav in Resources */,
				FA70CD86264829EA007A212F /* open_hihat_2181samples.wav in Resources */,
				FAC71DF9264F37AE007FE152 /* 440KICK3.wav in Resources */,
				FA8D6E8C263EF2C9000FFFE3 /* Main.storyboard in Resources */,
				FAFEA991264BD34E002807DC /* kick_2156samples_SOFT.wav in Resources */,
				FA70CD8C26482B25007A212F /* Notes.rtf in Resources */,
				FA8D6E82263EF2B5000FFFE3 /* LaunchScreen.storyboard in Resources */,
				FAC71DF5264F37AE007FE152 /* 440KICK1.wav in Resources */,
				FA8D6E7F263EF2B5000FFFE3 /* Assets.xcassets in Resources */,
				FAFEA98F264BD34E002807DC /* open_hihat_2181samples_SOFT.wav in Resources */,
				FAFEA98E264BD34E002807DC /* hihat_2154samples_SOFT.wav in Resources */,
				FAC71DF4264F37AE007FE152 /* 440SN2.wav in Resources */,
				FAA4C61926664276005CC23C /* todo.rtf in Resources */,
				FAC71DF2264F37AE007FE152 /* 440OHH.wav in Resources */,
				FAC71DFA264F37AE007FE152 /* 440KICK2.wav in Resources */,
				FAC71DF3264F37AE007FE152 /* 440SN1.wav in Resources */,
				FA70CD84264829EA007A212F /* hihat_2154samples.wav in Resources */,
				FAFEA990264BD34E002807DC /* snare_2152samples_SOFT.wav in Resources */,
			);
			runOnlyForDeploymentPostprocessing = 0;
		};
/* End PBXResourcesBuildPhase section */

/* Begin PBXShellScriptBuildPhase section */
		1608520EB6927E9D3C06249F /* [CP] Embed Pods Frameworks */ = {
			isa = PBXShellScriptBuildPhase;
			buildActionMask = 2147483647;
			files = (
			);
			inputFileListPaths = (
				"${PODS_ROOT}/Target Support Files/Pods-AVFoundation Test 8 Timer @ half periodLength/Pods-AVFoundation Test 8 Timer @ half periodLength-frameworks-${CONFIGURATION}-input-files.xcfilelist",
			);
			name = "[CP] Embed Pods Frameworks";
			outputFileListPaths = (
				"${PODS_ROOT}/Target Support Files/Pods-AVFoundation Test 8 Timer @ half periodLength/Pods-AVFoundation Test 8 Timer @ half periodLength-frameworks-${CONFIGURATION}-output-files.xcfilelist",
			);
			runOnlyForDeploymentPostprocessing = 0;
			shellPath = /bin/sh;
			shellScript = "\"${PODS_ROOT}/Target Support Files/Pods-AVFoundation Test 8 Timer @ half periodLength/Pods-AVFoundation Test 8 Timer @ half periodLength-frameworks.sh\"\n";
			showEnvVarsInLog = 0;
		};
		9FA0F2742EE06D14C9CFC9B3 /* [CP] Check Pods Manifest.lock */ = {
			isa = PBXShellScriptBuildPhase;
			buildActionMask = 2147483647;
			files = (
			);
			inputFileListPaths = (
			);
			inputPaths = (
				"${PODS_PODFILE_DIR_PATH}/Podfile.lock",
				"${PODS_ROOT}/Manifest.lock",
			);
			name = "[CP] Check Pods Manifest.lock";
			outputFileListPaths = (
			);
			outputPaths = (
				"$(DERIVED_FILE_DIR)/Pods-AVFoundation Test 8 Timer @ half periodLength-checkManifestLockResult.txt",
			);
			runOnlyForDeploymentPostprocessing = 0;
			shellPath = /bin/sh;
			shellScript = "diff \"${PODS_PODFILE_DIR_PATH}/Podfile.lock\" \"${PODS_ROOT}/Manifest.lock\" > /dev/null\nif [ $? != 0 ] ; then\n    # print error to STDERR\n    echo \"error: The sandbox is not in sync with the Podfile.lock. Run 'pod install' or update your CocoaPods installation.\" >&2\n    exit 1\nfi\n# This output is used by Xcode 'outputs' to avoid re-running this script phase.\necho \"SUCCESS\" > \"${SCRIPT_OUTPUT_FILE_0}\"\n";
			showEnvVarsInLog = 0;
		};
		B876B04F34556E6AB5ACB29C /* [CP] Check Pods Manifest.lock */ = {
			isa = PBXShellScriptBuildPhase;
			buildActionMask = 2147483647;
			files = (
			);
			inputFileListPaths = (
			);
			inputPaths = (
				"${PODS_PODFILE_DIR_PATH}/Podfile.lock",
				"${PODS_ROOT}/Manifest.lock",
			);
			name = "[CP] Check Pods Manifest.lock";
			outputFileListPaths = (
			);
			outputPaths = (
				"$(DERIVED_FILE_DIR)/Pods-AVFoundation Test 8 Timer @ half periodLength Tests-checkManifestLockResult.txt",
			);
			runOnlyForDeploymentPostprocessing = 0;
			shellPath = /bin/sh;
			shellScript = "diff \"${PODS_PODFILE_DIR_PATH}/Podfile.lock\" \"${PODS_ROOT}/Manifest.lock\" > /dev/null\nif [ $? != 0 ] ; then\n    # print error to STDERR\n    echo \"error: The sandbox is not in sync with the Podfile.lock. Run 'pod install' or update your CocoaPods installation.\" >&2\n    exit 1\nfi\n# This output is used by Xcode 'outputs' to avoid re-running this script phase.\necho \"SUCCESS\" > \"${SCRIPT_OUTPUT_FILE_0}\"\n";
			showEnvVarsInLog = 0;
		};
/* End PBXShellScriptBuildPhase section */

/* Begin PBXSourcesBuildPhase section */
		FA562D34264932C4000497C8 /* Sources */ = {
			isa = PBXSourcesBuildPhase;
			buildActionMask = 2147483647;
			files = (
				FA562D3B264932C4000497C8 /* AVFoundation_Test_8_Timer___half_periodLength_Tests.swift in Sources */,
				FA562D45264933BD000497C8 /* SequencerTests.swift in Sources */,
			);
			runOnlyForDeploymentPostprocessing = 0;
		};
		FA8D6E6E263EF2B4000FFFE3 /* Sources */ = {
			isa = PBXSourcesBuildPhase;
			buildActionMask = 2147483647;
			files = (
				FA2B3854265C5AD800E602F6 /* cellArrayToStringArray.swift in Sources */,
				FAFEA995264BD45B002807DC /* FileNames.swift in Sources */,
				FA8D6E9C263EF2E8000FFFE3 /* MainVC.swift in Sources */,
				FA12A3332655C25E00439FA3 /* PickerView Extension.swift in Sources */,
				FAE3DF382651BABA0000DD9F /* getConvertedPoint.swift in Sources */,
				FA8D6E99263EF2D9000FFFE3 /* RoundFunction.swift in Sources */,
				FA8D6E76263EF2B4000FFFE3 /* AppDelegate.swift in Sources */,
				FA18D31726542B09005D2A2F /* VerticalButton.swift in Sources */,
				FA18D30F2653F24E005D2A2F /* Cell.swift in Sources */,
				FA8D6E78263EF2B4000FFFE3 /* SceneDelegate.swift in Sources */,
				FA8D6E98263EF2D9000FFFE3 /* Audio Time Extensions.swift in Sources */,
				FAB47AD426552C50006281CE /* ClickableSegmentedControl.swift in Sources */,
				FA0E89452646218200B7CD45 /* DefaultPatterns.swift in Sources */,
				FAA4C607266534B5005CC23C /* LoadSaveVC.swift in Sources */,
				FA18D3072653E3C0005D2A2F /* setupUI.swift in Sources */,
				FA6D27BF2663EAFC00AE6D5B /* DistortionTableVC.swift in Sources */,
				FA2B3840265AEAE500E602F6 /* SnapShot.swift in Sources */,
				FA12A34D2656CC5900439FA3 /* MainVC TrackSettingsVCDelegate.swift in Sources */,
				FA12A33726564D4300439FA3 /* SettingsVC.swift in Sources */,
				FA2B3846265AF23900E602F6 /* SettingsTableVC.swift in Sources */,
				FA8D6EA6263F6170000FFFE3 /* BpmDetector.swift in Sources */,
				FAC7FF73264A8D9E00041FEA /* HexColorExtension.swift in Sources */,
				FA18D30B2653F206005D2A2F /* Track.swift in Sources */,
				FA2B383C265AEA8B00E602F6 /* CRUD.swift in Sources */,
				FA425DFB26628519007D8977 /* SyncDelay.swift in Sources */,
				FAB47AD82655ACC1006281CE /* ChainModeNames.swift in Sources */,
				FA2B385C265C5DF500E602F6 /* stringListToCellArray.swift in Sources */,
				FA12A3472656B60E00439FA3 /* Shared.swift in Sources */,
				FA30281126433C0D00406561 /* Sequencer.swift in Sources */,
				FAB47AC22654F9D2006281CE /* PartNames.swift in Sources */,
				FAB47ACE26550223006281CE /* Pattern.swift in Sources */,
				FA8D6EA0263F3262000FFFE3 /* Constants.swift in Sources */,
				FA715BBE265E7FFE00F4CFDC /* DelayTableVC.swift in Sources */,
				FA12A3432656B4CD00439FA3 /* SoundSelectionTableVC.swift in Sources */,
				FA425DFF2662FA04007D8977 /* AllKeysOfDictionary2StringArray.swift in Sources */,
				FA2B384C265AFD1500E602F6 /* MainVC SettingsTableVCDelegate.swift in Sources */,
				FAB47ACA2654FFBB006281CE /* Part.swift in Sources */,
				FA18D3132653F26F005D2A2F /* Tempo.swift in Sources */,
				FA12A33F2656627100439FA3 /* TrackSettingsVC.swift in Sources */,
				FA8D6EA3263F4574000FFFE3 /* FlashExtension.swift in Sources */,
				FA715BBA265E7FED00F4CFDC /* ReverbTableVC.swift in Sources */,
				FA0DDA0F265E8B3B00D155D6 /* AV FX Presets Description Extension.swift in Sources */,
				FA02EC8A26447E9100B416D3 /* setBackgroundColor UIButton Extension.swift in Sources */,
			);
			runOnlyForDeploymentPostprocessing = 0;
		};
/* End PBXSourcesBuildPhase section */

/* Begin PBXTargetDependency section */
		FA562D3E264932C4000497C8 /* PBXTargetDependency */ = {
			isa = PBXTargetDependency;
			target = FA8D6E71263EF2B4000FFFE3 /* AVFoundation Test 8 Timer @ half periodLength */;
			targetProxy = FA562D3D264932C4000497C8 /* PBXContainerItemProxy */;
		};
/* End PBXTargetDependency section */

/* Begin PBXVariantGroup section */
		FA8D6E80263EF2B5000FFFE3 /* LaunchScreen.storyboard */ = {
			isa = PBXVariantGroup;
			children = (
				FA8D6E81263EF2B5000FFFE3 /* Base */,
			);
			name = LaunchScreen.storyboard;
			sourceTree = "<group>";
		};
/* End PBXVariantGroup section */

/* Begin XCBuildConfiguration section */
		FA562D3F264932C4000497C8 /* Debug */ = {
			isa = XCBuildConfiguration;
			baseConfigurationReference = 88E47327787823C34AE7A188 /* Pods-AVFoundation Test 8 Timer @ half periodLength Tests.debug.xcconfig */;
			buildSettings = {
				BUNDLE_LOADER = "$(TEST_HOST)";
				CODE_SIGN_STYLE = Automatic;
				DEVELOPMENT_TEAM = 48K2Q8B3WH;
				INFOPLIST_FILE = "AVFoundation Test 8 Timer @ half periodLength Tests/Info.plist";
				IPHONEOS_DEPLOYMENT_TARGET = 13.0;
				LD_RUNPATH_SEARCH_PATHS = (
					"$(inherited)",
					"@executable_path/Frameworks",
					"@loader_path/Frameworks",
				);
				PRODUCT_BUNDLE_IDENTIFIER = "pro.nagel.AVFoundation-Test-8-Timer---half-periodLength-Tests";
				PRODUCT_NAME = "$(TARGET_NAME)";
				SWIFT_VERSION = 5.0;
				TARGETED_DEVICE_FAMILY = "1,2";
				TEST_HOST = "$(BUILT_PRODUCTS_DIR)/AVFoundation Test 8 Timer @ half periodLength.app/AVFoundation Test 8 Timer @ half periodLength";
			};
			name = Debug;
		};
		FA562D40264932C4000497C8 /* Release */ = {
			isa = XCBuildConfiguration;
			baseConfigurationReference = 9C68E0FE36BF6F605877E7D6 /* Pods-AVFoundation Test 8 Timer @ half periodLength Tests.release.xcconfig */;
			buildSettings = {
				BUNDLE_LOADER = "$(TEST_HOST)";
				CODE_SIGN_STYLE = Automatic;
				DEVELOPMENT_TEAM = 48K2Q8B3WH;
				INFOPLIST_FILE = "AVFoundation Test 8 Timer @ half periodLength Tests/Info.plist";
				IPHONEOS_DEPLOYMENT_TARGET = 13.0;
				LD_RUNPATH_SEARCH_PATHS = (
					"$(inherited)",
					"@executable_path/Frameworks",
					"@loader_path/Frameworks",
				);
				PRODUCT_BUNDLE_IDENTIFIER = "pro.nagel.AVFoundation-Test-8-Timer---half-periodLength-Tests";
				PRODUCT_NAME = "$(TARGET_NAME)";
				SWIFT_VERSION = 5.0;
				TARGETED_DEVICE_FAMILY = "1,2";
				TEST_HOST = "$(BUILT_PRODUCTS_DIR)/AVFoundation Test 8 Timer @ half periodLength.app/AVFoundation Test 8 Timer @ half periodLength";
			};
			name = Release;
		};
		FA8D6E84263EF2B5000FFFE3 /* Debug */ = {
			isa = XCBuildConfiguration;
			buildSettings = {
				ALWAYS_SEARCH_USER_PATHS = NO;
				CLANG_ANALYZER_NONNULL = YES;
				CLANG_ANALYZER_NUMBER_OBJECT_CONVERSION = YES_AGGRESSIVE;
				CLANG_CXX_LANGUAGE_STANDARD = "gnu++14";
				CLANG_CXX_LIBRARY = "libc++";
				CLANG_ENABLE_MODULES = YES;
				CLANG_ENABLE_OBJC_ARC = YES;
				CLANG_ENABLE_OBJC_WEAK = YES;
				CLANG_WARN_BLOCK_CAPTURE_AUTORELEASING = YES;
				CLANG_WARN_BOOL_CONVERSION = YES;
				CLANG_WARN_COMMA = YES;
				CLANG_WARN_CONSTANT_CONVERSION = YES;
				CLANG_WARN_DEPRECATED_OBJC_IMPLEMENTATIONS = YES;
				CLANG_WARN_DIRECT_OBJC_ISA_USAGE = YES_ERROR;
				CLANG_WARN_DOCUMENTATION_COMMENTS = YES;
				CLANG_WARN_EMPTY_BODY = YES;
				CLANG_WARN_ENUM_CONVERSION = YES;
				CLANG_WARN_INFINITE_RECURSION = YES;
				CLANG_WARN_INT_CONVERSION = YES;
				CLANG_WARN_NON_LITERAL_NULL_CONVERSION = YES;
				CLANG_WARN_OBJC_IMPLICIT_RETAIN_SELF = YES;
				CLANG_WARN_OBJC_LITERAL_CONVERSION = YES;
				CLANG_WARN_OBJC_ROOT_CLASS = YES_ERROR;
				CLANG_WARN_QUOTED_INCLUDE_IN_FRAMEWORK_HEADER = YES;
				CLANG_WARN_RANGE_LOOP_ANALYSIS = YES;
				CLANG_WARN_STRICT_PROTOTYPES = YES;
				CLANG_WARN_SUSPICIOUS_MOVE = YES;
				CLANG_WARN_UNGUARDED_AVAILABILITY = YES_AGGRESSIVE;
				CLANG_WARN_UNREACHABLE_CODE = YES;
				CLANG_WARN__DUPLICATE_METHOD_MATCH = YES;
				COPY_PHASE_STRIP = NO;
				DEBUG_INFORMATION_FORMAT = dwarf;
				ENABLE_STRICT_OBJC_MSGSEND = YES;
				ENABLE_TESTABILITY = YES;
				GCC_C_LANGUAGE_STANDARD = gnu11;
				GCC_DYNAMIC_NO_PIC = NO;
				GCC_NO_COMMON_BLOCKS = YES;
				GCC_OPTIMIZATION_LEVEL = 0;
				GCC_PREPROCESSOR_DEFINITIONS = (
					"DEBUG=1",
					"$(inherited)",
				);
				GCC_WARN_64_TO_32_BIT_CONVERSION = YES;
				GCC_WARN_ABOUT_RETURN_TYPE = YES_ERROR;
				GCC_WARN_UNDECLARED_SELECTOR = YES;
				GCC_WARN_UNINITIALIZED_AUTOS = YES_AGGRESSIVE;
				GCC_WARN_UNUSED_FUNCTION = YES;
				GCC_WARN_UNUSED_VARIABLE = YES;
				IPHONEOS_DEPLOYMENT_TARGET = 13.0;
				MTL_ENABLE_DEBUG_INFO = INCLUDE_SOURCE;
				MTL_FAST_MATH = YES;
				ONLY_ACTIVE_ARCH = YES;
				SDKROOT = iphoneos;
				SWIFT_ACTIVE_COMPILATION_CONDITIONS = DEBUG;
				SWIFT_OPTIMIZATION_LEVEL = "-Onone";
			};
			name = Debug;
		};
		FA8D6E85263EF2B5000FFFE3 /* Release */ = {
			isa = XCBuildConfiguration;
			buildSettings = {
				ALWAYS_SEARCH_USER_PATHS = NO;
				CLANG_ANALYZER_NONNULL = YES;
				CLANG_ANALYZER_NUMBER_OBJECT_CONVERSION = YES_AGGRESSIVE;
				CLANG_CXX_LANGUAGE_STANDARD = "gnu++14";
				CLANG_CXX_LIBRARY = "libc++";
				CLANG_ENABLE_MODULES = YES;
				CLANG_ENABLE_OBJC_ARC = YES;
				CLANG_ENABLE_OBJC_WEAK = YES;
				CLANG_WARN_BLOCK_CAPTURE_AUTORELEASING = YES;
				CLANG_WARN_BOOL_CONVERSION = YES;
				CLANG_WARN_COMMA = YES;
				CLANG_WARN_CONSTANT_CONVERSION = YES;
				CLANG_WARN_DEPRECATED_OBJC_IMPLEMENTATIONS = YES;
				CLANG_WARN_DIRECT_OBJC_ISA_USAGE = YES_ERROR;
				CLANG_WARN_DOCUMENTATION_COMMENTS = YES;
				CLANG_WARN_EMPTY_BODY = YES;
				CLANG_WARN_ENUM_CONVERSION = YES;
				CLANG_WARN_INFINITE_RECURSION = YES;
				CLANG_WARN_INT_CONVERSION = YES;
				CLANG_WARN_NON_LITERAL_NULL_CONVERSION = YES;
				CLANG_WARN_OBJC_IMPLICIT_RETAIN_SELF = YES;
				CLANG_WARN_OBJC_LITERAL_CONVERSION = YES;
				CLANG_WARN_OBJC_ROOT_CLASS = YES_ERROR;
				CLANG_WARN_QUOTED_INCLUDE_IN_FRAMEWORK_HEADER = YES;
				CLANG_WARN_RANGE_LOOP_ANALYSIS = YES;
				CLANG_WARN_STRICT_PROTOTYPES = YES;
				CLANG_WARN_SUSPICIOUS_MOVE = YES;
				CLANG_WARN_UNGUARDED_AVAILABILITY = YES_AGGRESSIVE;
				CLANG_WARN_UNREACHABLE_CODE = YES;
				CLANG_WARN__DUPLICATE_METHOD_MATCH = YES;
				COPY_PHASE_STRIP = NO;
				DEBUG_INFORMATION_FORMAT = "dwarf-with-dsym";
				ENABLE_NS_ASSERTIONS = NO;
				ENABLE_STRICT_OBJC_MSGSEND = YES;
				GCC_C_LANGUAGE_STANDARD = gnu11;
				GCC_NO_COMMON_BLOCKS = YES;
				GCC_WARN_64_TO_32_BIT_CONVERSION = YES;
				GCC_WARN_ABOUT_RETURN_TYPE = YES_ERROR;
				GCC_WARN_UNDECLARED_SELECTOR = YES;
				GCC_WARN_UNINITIALIZED_AUTOS = YES_AGGRESSIVE;
				GCC_WARN_UNUSED_FUNCTION = YES;
				GCC_WARN_UNUSED_VARIABLE = YES;
				IPHONEOS_DEPLOYMENT_TARGET = 13.0;
				MTL_ENABLE_DEBUG_INFO = NO;
				MTL_FAST_MATH = YES;
				SDKROOT = iphoneos;
				SWIFT_COMPILATION_MODE = wholemodule;
				SWIFT_OPTIMIZATION_LEVEL = "-O";
				VALIDATE_PRODUCT = YES;
			};
			name = Release;
		};
		FA8D6E87263EF2B5000FFFE3 /* Debug */ = {
			isa = XCBuildConfiguration;
			baseConfigurationReference = 37A5A2CA7317703B3913ECF1 /* Pods-AVFoundation Test 8 Timer @ half periodLength.debug.xcconfig */;
			buildSettings = {
				ASSETCATALOG_COMPILER_APPICON_NAME = AppIcon;
				ASSETCATALOG_COMPILER_GLOBAL_ACCENT_COLOR_NAME = AccentColor;
				CODE_SIGN_STYLE = Automatic;
				DEVELOPMENT_TEAM = 48K2Q8B3WH;
				INFOPLIST_FILE = "AVFoundation Test 8 Timer @ half periodLength/Info.plist";
				IPHONEOS_DEPLOYMENT_TARGET = 13.0;
				LD_RUNPATH_SEARCH_PATHS = (
					"$(inherited)",
					"@executable_path/Frameworks",
				);
				PRODUCT_BUNDLE_IDENTIFIER = "pro.nagel.AVFoundation-Test-8-Timer---half-periodLength";
				PRODUCT_NAME = "$(TARGET_NAME)";
				SWIFT_VERSION = 5.0;
				TARGETED_DEVICE_FAMILY = "1,2";
			};
			name = Debug;
		};
		FA8D6E88263EF2B5000FFFE3 /* Release */ = {
			isa = XCBuildConfiguration;
			baseConfigurationReference = 2630E1FB3071F3801D941201 /* Pods-AVFoundation Test 8 Timer @ half periodLength.release.xcconfig */;
			buildSettings = {
				ASSETCATALOG_COMPILER_APPICON_NAME = AppIcon;
				ASSETCATALOG_COMPILER_GLOBAL_ACCENT_COLOR_NAME = AccentColor;
				CODE_SIGN_STYLE = Automatic;
				DEVELOPMENT_TEAM = 48K2Q8B3WH;
				INFOPLIST_FILE = "AVFoundation Test 8 Timer @ half periodLength/Info.plist";
				IPHONEOS_DEPLOYMENT_TARGET = 13.0;
				LD_RUNPATH_SEARCH_PATHS = (
					"$(inherited)",
					"@executable_path/Frameworks",
				);
				PRODUCT_BUNDLE_IDENTIFIER = "pro.nagel.AVFoundation-Test-8-Timer---half-periodLength";
				PRODUCT_NAME = "$(TARGET_NAME)";
				SWIFT_VERSION = 5.0;
				TARGETED_DEVICE_FAMILY = "1,2";
			};
			name = Release;
		};
/* End XCBuildConfiguration section */

/* Begin XCConfigurationList section */
		FA562D41264932C4000497C8 /* Build configuration list for PBXNativeTarget "AVFoundation Test 8 Timer @ half periodLength Tests" */ = {
			isa = XCConfigurationList;
			buildConfigurations = (
				FA562D3F264932C4000497C8 /* Debug */,
				FA562D40264932C4000497C8 /* Release */,
			);
			defaultConfigurationIsVisible = 0;
			defaultConfigurationName = Release;
		};
		FA8D6E6D263EF2B4000FFFE3 /* Build configuration list for PBXProject "AVFoundation Test 8 Timer @ half periodLength" */ = {
			isa = XCConfigurationList;
			buildConfigurations = (
				FA8D6E84263EF2B5000FFFE3 /* Debug */,
				FA8D6E85263EF2B5000FFFE3 /* Release */,
			);
			defaultConfigurationIsVisible = 0;
			defaultConfigurationName = Release;
		};
		FA8D6E86263EF2B5000FFFE3 /* Build configuration list for PBXNativeTarget "AVFoundation Test 8 Timer @ half periodLength" */ = {
			isa = XCConfigurationList;
			buildConfigurations = (
				FA8D6E87263EF2B5000FFFE3 /* Debug */,
				FA8D6E88263EF2B5000FFFE3 /* Release */,
			);
			defaultConfigurationIsVisible = 0;
			defaultConfigurationName = Release;
		};
/* End XCConfigurationList section */
	};
	rootObject = FA8D6E6A263EF2B4000FFFE3 /* Project object */;
}
