// !$*UTF8*$!
{
	archiveVersion = 1;
	classes = {
	};
	objectVersion = 50;
	objects = {

/* Begin PBXBuildFile section */
		FA30280A2642FD7300406561 /* snare.wav in Resources */ = {isa = PBXBuildFile; fileRef = FA3028082642FD7300406561 /* snare.wav */; };
		FA30280B2642FD7300406561 /* kick.wav in Resources */ = {isa = PBXBuildFile; fileRef = FA3028092642FD7300406561 /* kick.wav */; };
		FA6C96122641BB5400114B08 /* Metronome.swift in Sources */ = {isa = PBXBuildFile; fileRef = FA6C96112641BB5400114B08 /* Metronome.swift */; };
		FA8D6E76263EF2B4000FFFE3 /* AppDelegate.swift in Sources */ = {isa = PBXBuildFile; fileRef = FA8D6E75263EF2B4000FFFE3 /* AppDelegate.swift */; };
		FA8D6E78263EF2B4000FFFE3 /* SceneDelegate.swift in Sources */ = {isa = PBXBuildFile; fileRef = FA8D6E77263EF2B4000FFFE3 /* SceneDelegate.swift */; };
		FA8D6E7F263EF2B5000FFFE3 /* Assets.xcassets in Resources */ = {isa = PBXBuildFile; fileRef = FA8D6E7E263EF2B5000FFFE3 /* Assets.xcassets */; };
		FA8D6E82263EF2B5000FFFE3 /* LaunchScreen.storyboard in Resources */ = {isa = PBXBuildFile; fileRef = FA8D6E80263EF2B5000FFFE3 /* LaunchScreen.storyboard */; };
		FA8D6E8C263EF2C9000FFFE3 /* Main.storyboard in Resources */ = {isa = PBXBuildFile; fileRef = FA8D6E8B263EF2C9000FFFE3 /* Main.storyboard */; };
		FA8D6E92263EF2CF000FFFE3 /* sound2.wav in Resources */ = {isa = PBXBuildFile; fileRef = FA8D6E8F263EF2CF000FFFE3 /* sound2.wav */; };
		FA8D6E93263EF2CF000FFFE3 /* sound1.wav in Resources */ = {isa = PBXBuildFile; fileRef = FA8D6E90263EF2CF000FFFE3 /* sound1.wav */; };
		FA8D6E94263EF2CF000FFFE3 /* pcm stereo 16 bit 44.1kHz.wav in Resources */ = {isa = PBXBuildFile; fileRef = FA8D6E91263EF2CF000FFFE3 /* pcm stereo 16 bit 44.1kHz.wav */; };
		FA8D6E98263EF2D9000FFFE3 /* Audio Time Extensions.swift in Sources */ = {isa = PBXBuildFile; fileRef = FA8D6E96263EF2D9000FFFE3 /* Audio Time Extensions.swift */; };
		FA8D6E99263EF2D9000FFFE3 /* RoundFunction.swift in Sources */ = {isa = PBXBuildFile; fileRef = FA8D6E97263EF2D9000FFFE3 /* RoundFunction.swift */; };
		FA8D6E9C263EF2E8000FFFE3 /* ViewController.swift in Sources */ = {isa = PBXBuildFile; fileRef = FA8D6E9B263EF2E8000FFFE3 /* ViewController.swift */; };
		FA8D6EA0263F3262000FFFE3 /* Constants.swift in Sources */ = {isa = PBXBuildFile; fileRef = FA8D6E9F263F3262000FFFE3 /* Constants.swift */; };
		FA8D6EA3263F4574000FFFE3 /* FlashExtension.swift in Sources */ = {isa = PBXBuildFile; fileRef = FA8D6EA2263F4574000FFFE3 /* FlashExtension.swift */; };
		FA8D6EA6263F6170000FFFE3 /* BpmDetector.swift in Sources */ = {isa = PBXBuildFile; fileRef = FA8D6EA5263F6170000FFFE3 /* BpmDetector.swift */; };
/* End PBXBuildFile section */

/* Begin PBXFileReference section */
		FA3028082642FD7300406561 /* snare.wav */ = {isa = PBXFileReference; lastKnownFileType = audio.wav; path = snare.wav; sourceTree = "<group>"; };
		FA3028092642FD7300406561 /* kick.wav */ = {isa = PBXFileReference; lastKnownFileType = audio.wav; path = kick.wav; sourceTree = "<group>"; };
		FA6C96112641BB5400114B08 /* Metronome.swift */ = {isa = PBXFileReference; lastKnownFileType = sourcecode.swift; path = Metronome.swift; sourceTree = "<group>"; };
		FA8D6E72263EF2B4000FFFE3 /* AVFoundation Test 8 Timer @ half periodLength.app */ = {isa = PBXFileReference; explicitFileType = wrapper.application; includeInIndex = 0; path = "AVFoundation Test 8 Timer @ half periodLength.app"; sourceTree = BUILT_PRODUCTS_DIR; };
		FA8D6E75263EF2B4000FFFE3 /* AppDelegate.swift */ = {isa = PBXFileReference; lastKnownFileType = sourcecode.swift; path = AppDelegate.swift; sourceTree = "<group>"; };
		FA8D6E77263EF2B4000FFFE3 /* SceneDelegate.swift */ = {isa = PBXFileReference; lastKnownFileType = sourcecode.swift; path = SceneDelegate.swift; sourceTree = "<group>"; };
		FA8D6E7E263EF2B5000FFFE3 /* Assets.xcassets */ = {isa = PBXFileReference; lastKnownFileType = folder.assetcatalog; path = Assets.xcassets; sourceTree = "<group>"; };
		FA8D6E81263EF2B5000FFFE3 /* Base */ = {isa = PBXFileReference; lastKnownFileType = file.storyboard; name = Base; path = Base.lproj/LaunchScreen.storyboard; sourceTree = "<group>"; };
		FA8D6E83263EF2B5000FFFE3 /* Info.plist */ = {isa = PBXFileReference; lastKnownFileType = text.plist.xml; path = Info.plist; sourceTree = "<group>"; };
		FA8D6E8B263EF2C9000FFFE3 /* Main.storyboard */ = {isa = PBXFileReference; fileEncoding = 4; lastKnownFileType = file.storyboard; path = Main.storyboard; sourceTree = "<group>"; };
		FA8D6E8F263EF2CF000FFFE3 /* sound2.wav */ = {isa = PBXFileReference; lastKnownFileType = audio.wav; path = sound2.wav; sourceTree = "<group>"; };
		FA8D6E90263EF2CF000FFFE3 /* sound1.wav */ = {isa = PBXFileReference; lastKnownFileType = audio.wav; path = sound1.wav; sourceTree = "<group>"; };
		FA8D6E91263EF2CF000FFFE3 /* pcm stereo 16 bit 44.1kHz.wav */ = {isa = PBXFileReference; lastKnownFileType = audio.wav; path = "pcm stereo 16 bit 44.1kHz.wav"; sourceTree = "<group>"; };
		FA8D6E96263EF2D9000FFFE3 /* Audio Time Extensions.swift */ = {isa = PBXFileReference; fileEncoding = 4; lastKnownFileType = sourcecode.swift; path = "Audio Time Extensions.swift"; sourceTree = "<group>"; };
		FA8D6E97263EF2D9000FFFE3 /* RoundFunction.swift */ = {isa = PBXFileReference; fileEncoding = 4; lastKnownFileType = sourcecode.swift; path = RoundFunction.swift; sourceTree = "<group>"; };
		FA8D6E9B263EF2E8000FFFE3 /* ViewController.swift */ = {isa = PBXFileReference; fileEncoding = 4; lastKnownFileType = sourcecode.swift; path = ViewController.swift; sourceTree = "<group>"; };
		FA8D6E9F263F3262000FFFE3 /* Constants.swift */ = {isa = PBXFileReference; fileEncoding = 4; lastKnownFileType = sourcecode.swift; path = Constants.swift; sourceTree = "<group>"; };
		FA8D6EA2263F4574000FFFE3 /* FlashExtension.swift */ = {isa = PBXFileReference; fileEncoding = 4; lastKnownFileType = sourcecode.swift; path = FlashExtension.swift; sourceTree = "<group>"; };
		FA8D6EA5263F6170000FFFE3 /* BpmDetector.swift */ = {isa = PBXFileReference; fileEncoding = 4; lastKnownFileType = sourcecode.swift; path = BpmDetector.swift; sourceTree = "<group>"; };
/* End PBXFileReference section */

/* Begin PBXFrameworksBuildPhase section */
		FA8D6E6F263EF2B4000FFFE3 /* Frameworks */ = {
			isa = PBXFrameworksBuildPhase;
			buildActionMask = 2147483647;
			files = (
			);
			runOnlyForDeploymentPostprocessing = 0;
		};
/* End PBXFrameworksBuildPhase section */

/* Begin PBXGroup section */
		FA6C96062641B63100114B08 /* Controller */ = {
			isa = PBXGroup;
			children = (
				FA8D6E9B263EF2E8000FFFE3 /* ViewController.swift */,
			);
			path = Controller;
			sourceTree = "<group>";
		};
		FA6C96082641B64000114B08 /* Model */ = {
			isa = PBXGroup;
			children = (
				FA8D6E9F263F3262000FFFE3 /* Constants.swift */,
				FA8D6EA5263F6170000FFFE3 /* BpmDetector.swift */,
				FA6C96112641BB5400114B08 /* Metronome.swift */,
			);
			path = Model;
			sourceTree = "<group>";
		};
		FA6C960A2641B64600114B08 /* Helper */ = {
			isa = PBXGroup;
			children = (
				FA8D6E96263EF2D9000FFFE3 /* Audio Time Extensions.swift */,
				FA8D6E97263EF2D9000FFFE3 /* RoundFunction.swift */,
				FA8D6EA2263F4574000FFFE3 /* FlashExtension.swift */,
			);
			path = Helper;
			sourceTree = "<group>";
		};
		FA6C960D2641B66900114B08 /* View */ = {
			isa = PBXGroup;
			children = (
				FA8D6E8B263EF2C9000FFFE3 /* Main.storyboard */,
			);
			path = View;
			sourceTree = "<group>";
		};
		FA6C960E2641B69300114B08 /* etc. */ = {
			isa = PBXGroup;
			children = (
				FA8D6E7E263EF2B5000FFFE3 /* Assets.xcassets */,
				FA8D6E80263EF2B5000FFFE3 /* LaunchScreen.storyboard */,
			);
			path = etc.;
			sourceTree = "<group>";
		};
		FA6C960F2641B6B600114B08 /* Delegates */ = {
			isa = PBXGroup;
			children = (
				FA8D6E75263EF2B4000FFFE3 /* AppDelegate.swift */,
				FA8D6E77263EF2B4000FFFE3 /* SceneDelegate.swift */,
			);
			path = Delegates;
			sourceTree = "<group>";
		};
		FA8D6E69263EF2B4000FFFE3 = {
			isa = PBXGroup;
			children = (
				FA8D6E74263EF2B4000FFFE3 /* AVFoundation Test 8 Timer @ half periodLength */,
				FA8D6E73263EF2B4000FFFE3 /* Products */,
			);
			sourceTree = "<group>";
		};
		FA8D6E73263EF2B4000FFFE3 /* Products */ = {
			isa = PBXGroup;
			children = (
				FA8D6E72263EF2B4000FFFE3 /* AVFoundation Test 8 Timer @ half periodLength.app */,
			);
			name = Products;
			sourceTree = "<group>";
		};
		FA8D6E74263EF2B4000FFFE3 /* AVFoundation Test 8 Timer @ half periodLength */ = {
			isa = PBXGroup;
			children = (
				FA6C960F2641B6B600114B08 /* Delegates */,
				FA6C96082641B64000114B08 /* Model */,
				FA6C960D2641B66900114B08 /* View */,
				FA6C96062641B63100114B08 /* Controller */,
				FA6C960A2641B64600114B08 /* Helper */,
				FA6C960E2641B69300114B08 /* etc. */,
				FA8D6E83263EF2B5000FFFE3 /* Info.plist */,
				FA8D6E8E263EF2CF000FFFE3 /* sounds */,
			);
			path = "AVFoundation Test 8 Timer @ half periodLength";
			sourceTree = "<group>";
		};
		FA8D6E8E263EF2CF000FFFE3 /* sounds */ = {
			isa = PBXGroup;
			children = (
				FA3028092642FD7300406561 /* kick.wav */,
				FA3028082642FD7300406561 /* snare.wav */,
				FA8D6E8F263EF2CF000FFFE3 /* sound2.wav */,
				FA8D6E90263EF2CF000FFFE3 /* sound1.wav */,
				FA8D6E91263EF2CF000FFFE3 /* pcm stereo 16 bit 44.1kHz.wav */,
			);
			path = sounds;
			sourceTree = "<group>";
		};
/* End PBXGroup section */

/* Begin PBXNativeTarget section */
		FA8D6E71263EF2B4000FFFE3 /* AVFoundation Test 8 Timer @ half periodLength */ = {
			isa = PBXNativeTarget;
			buildConfigurationList = FA8D6E86263EF2B5000FFFE3 /* Build configuration list for PBXNativeTarget "AVFoundation Test 8 Timer @ half periodLength" */;
			buildPhases = (
				FA8D6E6E263EF2B4000FFFE3 /* Sources */,
				FA8D6E6F263EF2B4000FFFE3 /* Frameworks */,
				FA8D6E70263EF2B4000FFFE3 /* Resources */,
			);
			buildRules = (
			);
			dependencies = (
			);
			name = "AVFoundation Test 8 Timer @ half periodLength";
			productName = "AVFoundation Test 8 Timer @ half periodLength";
			productReference = FA8D6E72263EF2B4000FFFE3 /* AVFoundation Test 8 Timer @ half periodLength.app */;
			productType = "com.apple.product-type.application";
		};
/* End PBXNativeTarget section */

/* Begin PBXProject section */
		FA8D6E6A263EF2B4000FFFE3 /* Project object */ = {
			isa = PBXProject;
			attributes = {
				LastSwiftUpdateCheck = 1240;
				LastUpgradeCheck = 1240;
				TargetAttributes = {
					FA8D6E71263EF2B4000FFFE3 = {
						CreatedOnToolsVersion = 12.4;
					};
				};
			};
			buildConfigurationList = FA8D6E6D263EF2B4000FFFE3 /* Build configuration list for PBXProject "AVFoundation Test 8 Timer @ half periodLength" */;
			compatibilityVersion = "Xcode 9.3";
			developmentRegion = en;
			hasScannedForEncodings = 0;
			knownRegions = (
				en,
				Base,
			);
			mainGroup = FA8D6E69263EF2B4000FFFE3;
			productRefGroup = FA8D6E73263EF2B4000FFFE3 /* Products */;
			projectDirPath = "";
			projectRoot = "";
			targets = (
				FA8D6E71263EF2B4000FFFE3 /* AVFoundation Test 8 Timer @ half periodLength */,
			);
		};
/* End PBXProject section */

/* Begin PBXResourcesBuildPhase section */
		FA8D6E70263EF2B4000FFFE3 /* Resources */ = {
			isa = PBXResourcesBuildPhase;
			buildActionMask = 2147483647;
			files = (
				FA30280B2642FD7300406561 /* kick.wav in Resources */,
				FA30280A2642FD7300406561 /* snare.wav in Resources */,
				FA8D6E93263EF2CF000FFFE3 /* sound1.wav in Resources */,
				FA8D6E94263EF2CF000FFFE3 /* pcm stereo 16 bit 44.1kHz.wav in Resources */,
				FA8D6E8C263EF2C9000FFFE3 /* Main.storyboard in Resources */,
				FA8D6E92263EF2CF000FFFE3 /* sound2.wav in Resources */,
				FA8D6E82263EF2B5000FFFE3 /* LaunchScreen.storyboard in Resources */,
				FA8D6E7F263EF2B5000FFFE3 /* Assets.xcassets in Resources */,
			);
			runOnlyForDeploymentPostprocessing = 0;
		};
/* End PBXResourcesBuildPhase section */

/* Begin PBXSourcesBuildPhase section */
		FA8D6E6E263EF2B4000FFFE3 /* Sources */ = {
			isa = PBXSourcesBuildPhase;
			buildActionMask = 2147483647;
			files = (
				FA6C96122641BB5400114B08 /* Metronome.swift in Sources */,
				FA8D6E9C263EF2E8000FFFE3 /* ViewController.swift in Sources */,
				FA8D6E99263EF2D9000FFFE3 /* RoundFunction.swift in Sources */,
				FA8D6E76263EF2B4000FFFE3 /* AppDelegate.swift in Sources */,
				FA8D6E78263EF2B4000FFFE3 /* SceneDelegate.swift in Sources */,
				FA8D6E98263EF2D9000FFFE3 /* Audio Time Extensions.swift in Sources */,
				FA8D6EA6263F6170000FFFE3 /* BpmDetector.swift in Sources */,
				FA8D6EA0263F3262000FFFE3 /* Constants.swift in Sources */,
				FA8D6EA3263F4574000FFFE3 /* FlashExtension.swift in Sources */,
			);
			runOnlyForDeploymentPostprocessing = 0;
		};
/* End PBXSourcesBuildPhase section */

/* Begin PBXVariantGroup section */
		FA8D6E80263EF2B5000FFFE3 /* LaunchScreen.storyboard */ = {
			isa = PBXVariantGroup;
			children = (
				FA8D6E81263EF2B5000FFFE3 /* Base */,
			);
			name = LaunchScreen.storyboard;
			sourceTree = "<group>";
		};
/* End PBXVariantGroup section */

/* Begin XCBuildConfiguration section */
		FA8D6E84263EF2B5000FFFE3 /* Debug */ = {
			isa = XCBuildConfiguration;
			buildSettings = {
				ALWAYS_SEARCH_USER_PATHS = NO;
				CLANG_ANALYZER_NONNULL = YES;
				CLANG_ANALYZER_NUMBER_OBJECT_CONVERSION = YES_AGGRESSIVE;
				CLANG_CXX_LANGUAGE_STANDARD = "gnu++14";
				CLANG_CXX_LIBRARY = "libc++";
				CLANG_ENABLE_MODULES = YES;
				CLANG_ENABLE_OBJC_ARC = YES;
				CLANG_ENABLE_OBJC_WEAK = YES;
				CLANG_WARN_BLOCK_CAPTURE_AUTORELEASING = YES;
				CLANG_WARN_BOOL_CONVERSION = YES;
				CLANG_WARN_COMMA = YES;
				CLANG_WARN_CONSTANT_CONVERSION = YES;
				CLANG_WARN_DEPRECATED_OBJC_IMPLEMENTATIONS = YES;
				CLANG_WARN_DIRECT_OBJC_ISA_USAGE = YES_ERROR;
				CLANG_WARN_DOCUMENTATION_COMMENTS = YES;
				CLANG_WARN_EMPTY_BODY = YES;
				CLANG_WARN_ENUM_CONVERSION = YES;
				CLANG_WARN_INFINITE_RECURSION = YES;
				CLANG_WARN_INT_CONVERSION = YES;
				CLANG_WARN_NON_LITERAL_NULL_CONVERSION = YES;
				CLANG_WARN_OBJC_IMPLICIT_RETAIN_SELF = YES;
				CLANG_WARN_OBJC_LITERAL_CONVERSION = YES;
				CLANG_WARN_OBJC_ROOT_CLASS = YES_ERROR;
				CLANG_WARN_QUOTED_INCLUDE_IN_FRAMEWORK_HEADER = YES;
				CLANG_WARN_RANGE_LOOP_ANALYSIS = YES;
				CLANG_WARN_STRICT_PROTOTYPES = YES;
				CLANG_WARN_SUSPICIOUS_MOVE = YES;
				CLANG_WARN_UNGUARDED_AVAILABILITY = YES_AGGRESSIVE;
				CLANG_WARN_UNREACHABLE_CODE = YES;
				CLANG_WARN__DUPLICATE_METHOD_MATCH = YES;
				COPY_PHASE_STRIP = NO;
				DEBUG_INFORMATION_FORMAT = dwarf;
				ENABLE_STRICT_OBJC_MSGSEND = YES;
				ENABLE_TESTABILITY = YES;
				GCC_C_LANGUAGE_STANDARD = gnu11;
				GCC_DYNAMIC_NO_PIC = NO;
				GCC_NO_COMMON_BLOCKS = YES;
				GCC_OPTIMIZATION_LEVEL = 0;
				GCC_PREPROCESSOR_DEFINITIONS = (
					"DEBUG=1",
					"$(inherited)",
				);
				GCC_WARN_64_TO_32_BIT_CONVERSION = YES;
				GCC_WARN_ABOUT_RETURN_TYPE = YES_ERROR;
				GCC_WARN_UNDECLARED_SELECTOR = YES;
				GCC_WARN_UNINITIALIZED_AUTOS = YES_AGGRESSIVE;
				GCC_WARN_UNUSED_FUNCTION = YES;
				GCC_WARN_UNUSED_VARIABLE = YES;
				IPHONEOS_DEPLOYMENT_TARGET = 14.4;
				MTL_ENABLE_DEBUG_INFO = INCLUDE_SOURCE;
				MTL_FAST_MATH = YES;
				ONLY_ACTIVE_ARCH = YES;
				SDKROOT = iphoneos;
				SWIFT_ACTIVE_COMPILATION_CONDITIONS = DEBUG;
				SWIFT_OPTIMIZATION_LEVEL = "-Onone";
			};
			name = Debug;
		};
		FA8D6E85263EF2B5000FFFE3 /* Release */ = {
			isa = XCBuildConfiguration;
			buildSettings = {
				ALWAYS_SEARCH_USER_PATHS = NO;
				CLANG_ANALYZER_NONNULL = YES;
				CLANG_ANALYZER_NUMBER_OBJECT_CONVERSION = YES_AGGRESSIVE;
				CLANG_CXX_LANGUAGE_STANDARD = "gnu++14";
				CLANG_CXX_LIBRARY = "libc++";
				CLANG_ENABLE_MODULES = YES;
				CLANG_ENABLE_OBJC_ARC = YES;
				CLANG_ENABLE_OBJC_WEAK = YES;
				CLANG_WARN_BLOCK_CAPTURE_AUTORELEASING = YES;
				CLANG_WARN_BOOL_CONVERSION = YES;
				CLANG_WARN_COMMA = YES;
				CLANG_WARN_CONSTANT_CONVERSION = YES;
				CLANG_WARN_DEPRECATED_OBJC_IMPLEMENTATIONS = YES;
				CLANG_WARN_DIRECT_OBJC_ISA_USAGE = YES_ERROR;
				CLANG_WARN_DOCUMENTATION_COMMENTS = YES;
				CLANG_WARN_EMPTY_BODY = YES;
				CLANG_WARN_ENUM_CONVERSION = YES;
				CLANG_WARN_INFINITE_RECURSION = YES;
				CLANG_WARN_INT_CONVERSION = YES;
				CLANG_WARN_NON_LITERAL_NULL_CONVERSION = YES;
				CLANG_WARN_OBJC_IMPLICIT_RETAIN_SELF = YES;
				CLANG_WARN_OBJC_LITERAL_CONVERSION = YES;
				CLANG_WARN_OBJC_ROOT_CLASS = YES_ERROR;
				CLANG_WARN_QUOTED_INCLUDE_IN_FRAMEWORK_HEADER = YES;
				CLANG_WARN_RANGE_LOOP_ANALYSIS = YES;
				CLANG_WARN_STRICT_PROTOTYPES = YES;
				CLANG_WARN_SUSPICIOUS_MOVE = YES;
				CLANG_WARN_UNGUARDED_AVAILABILITY = YES_AGGRESSIVE;
				CLANG_WARN_UNREACHABLE_CODE = YES;
				CLANG_WARN__DUPLICATE_METHOD_MATCH = YES;
				COPY_PHASE_STRIP = NO;
				DEBUG_INFORMATION_FORMAT = "dwarf-with-dsym";
				ENABLE_NS_ASSERTIONS = NO;
				ENABLE_STRICT_OBJC_MSGSEND = YES;
				GCC_C_LANGUAGE_STANDARD = gnu11;
				GCC_NO_COMMON_BLOCKS = YES;
				GCC_WARN_64_TO_32_BIT_CONVERSION = YES;
				GCC_WARN_ABOUT_RETURN_TYPE = YES_ERROR;
				GCC_WARN_UNDECLARED_SELECTOR = YES;
				GCC_WARN_UNINITIALIZED_AUTOS = YES_AGGRESSIVE;
				GCC_WARN_UNUSED_FUNCTION = YES;
				GCC_WARN_UNUSED_VARIABLE = YES;
				IPHONEOS_DEPLOYMENT_TARGET = 14.4;
				MTL_ENABLE_DEBUG_INFO = NO;
				MTL_FAST_MATH = YES;
				SDKROOT = iphoneos;
				SWIFT_COMPILATION_MODE = wholemodule;
				SWIFT_OPTIMIZATION_LEVEL = "-O";
				VALIDATE_PRODUCT = YES;
			};
			name = Release;
		};
		FA8D6E87263EF2B5000FFFE3 /* Debug */ = {
			isa = XCBuildConfiguration;
			buildSettings = {
				ASSETCATALOG_COMPILER_APPICON_NAME = AppIcon;
				ASSETCATALOG_COMPILER_GLOBAL_ACCENT_COLOR_NAME = AccentColor;
				CODE_SIGN_STYLE = Automatic;
				DEVELOPMENT_TEAM = 48K2Q8B3WH;
				INFOPLIST_FILE = "AVFoundation Test 8 Timer @ half periodLength/Info.plist";
				IPHONEOS_DEPLOYMENT_TARGET = 13.0;
				LD_RUNPATH_SEARCH_PATHS = (
					"$(inherited)",
					"@executable_path/Frameworks",
				);
				PRODUCT_BUNDLE_IDENTIFIER = "pro.nagel.AVFoundation-Test-8-Timer---half-periodLength";
				PRODUCT_NAME = "$(TARGET_NAME)";
				SWIFT_VERSION = 5.0;
				TARGETED_DEVICE_FAMILY = "1,2";
			};
			name = Debug;
		};
		FA8D6E88263EF2B5000FFFE3 /* Release */ = {
			isa = XCBuildConfiguration;
			buildSettings = {
				ASSETCATALOG_COMPILER_APPICON_NAME = AppIcon;
				ASSETCATALOG_COMPILER_GLOBAL_ACCENT_COLOR_NAME = AccentColor;
				CODE_SIGN_STYLE = Automatic;
				DEVELOPMENT_TEAM = 48K2Q8B3WH;
				INFOPLIST_FILE = "AVFoundation Test 8 Timer @ half periodLength/Info.plist";
				IPHONEOS_DEPLOYMENT_TARGET = 13.0;
				LD_RUNPATH_SEARCH_PATHS = (
					"$(inherited)",
					"@executable_path/Frameworks",
				);
				PRODUCT_BUNDLE_IDENTIFIER = "pro.nagel.AVFoundation-Test-8-Timer---half-periodLength";
				PRODUCT_NAME = "$(TARGET_NAME)";
				SWIFT_VERSION = 5.0;
				TARGETED_DEVICE_FAMILY = "1,2";
			};
			name = Release;
		};
/* End XCBuildConfiguration section */

/* Begin XCConfigurationList section */
		FA8D6E6D263EF2B4000FFFE3 /* Build configuration list for PBXProject "AVFoundation Test 8 Timer @ half periodLength" */ = {
			isa = XCConfigurationList;
			buildConfigurations = (
				FA8D6E84263EF2B5000FFFE3 /* Debug */,
				FA8D6E85263EF2B5000FFFE3 /* Release */,
			);
			defaultConfigurationIsVisible = 0;
			defaultConfigurationName = Release;
		};
		FA8D6E86263EF2B5000FFFE3 /* Build configuration list for PBXNativeTarget "AVFoundation Test 8 Timer @ half periodLength" */ = {
			isa = XCConfigurationList;
			buildConfigurations = (
				FA8D6E87263EF2B5000FFFE3 /* Debug */,
				FA8D6E88263EF2B5000FFFE3 /* Release */,
			);
			defaultConfigurationIsVisible = 0;
			defaultConfigurationName = Release;
		};
/* End XCConfigurationList section */
	};
	rootObject = FA8D6E6A263EF2B4000FFFE3 /* Project object */;
}
